// !$*UTF8*$!
{
	archiveVersion = 1;
	classes = {
	};
	objectVersion = 77;
	objects = {

/* Begin PBXBuildFile section */
		01CAED2BF426B94738391432 /* angry.png in Resources */ = {isa = PBXBuildFile; fileRef = EBE0865F40F51E42795879F8 /* angry.png */; };
		022AA910CD8B481CE27CB836 /* rock.png in Resources */ = {isa = PBXBuildFile; fileRef = F4F5263290F3A528C84D9153 /* rock.png */; };
		025660847FF62F8D17A5F631 /* eighties.png in Resources */ = {isa = PBXBuildFile; fileRef = 2CA0315DC1F9051649615FE8 /* eighties.png */; };
		028D6B165343163EEC73864A /* indie.png in Resources */ = {isa = PBXBuildFile; fileRef = FBEF40B073AEB3C658A50794 /* indie.png */; };
		0437FC95B49AE89986E06979 /* ContentView.swift in Sources */ = {isa = PBXBuildFile; fileRef = FD877C5D86A59246E799E1F3 /* ContentView.swift */; };
		0671B0C2BA01EE5F5E242AF7 /* sleep.png in Resources */ = {isa = PBXBuildFile; fileRef = 15B421A7175DF07D0029AE46 /* sleep.png */; };
		11200C4F8A2C0C79B8B350EC /* ArtworkLoader.swift in Sources */ = {isa = PBXBuildFile; fileRef = E11503FA85AFB6BE4280C47B /* ArtworkLoader.swift */; };
		159CBE95B04C19838F753D25 /* two_thousands.png in Resources */ = {isa = PBXBuildFile; fileRef = 3DF476B5110B90C8DD1D3E63 /* two_thousands.png */; };
		1E537689885571091D8DD49B /* energetic.png in Resources */ = {isa = PBXBuildFile; fileRef = EE03BFC6EDC42E0E8C255054 /* energetic.png */; };
		21438D995ACEF128A6090EA0 /* calm.png in Resources */ = {isa = PBXBuildFile; fileRef = 703F712922DE6E34039A2A95 /* calm.png */; };
		2938DCA661678C3F0EBDF3E0 /* country.png in Resources */ = {isa = PBXBuildFile; fileRef = 4A384916362D3FE75B6F5877 /* country.png */; };
		3428E250C3E5C00391199D2F /* PlaybackBridge.swift in Sources */ = {isa = PBXBuildFile; fileRef = 8FF56D217D4FAFE12822A65C /* PlaybackBridge.swift */; };
		36FD12831A27479A174E0F3F /* CoverCache.swift in Sources */ = {isa = PBXBuildFile; fileRef = 67408640D59D79EEE8286B30 /* CoverCache.swift */; };
		3D41F8E97252B4DEA4327DEE /* rnb.png in Resources */ = {isa = PBXBuildFile; fileRef = 43F47BD4A18C4D7B66DBDD15 /* rnb.png */; };
		409F2F3D269A905A213BD4CC /* RemoteCommandManager.swift in Sources */ = {isa = PBXBuildFile; fileRef = C2890ADF3E85D06F12514248 /* RemoteCommandManager.swift */; };
		424166AAA53C089B450365A4 /* happy.png in Resources */ = {isa = PBXBuildFile; fileRef = C666C7C4A484AFBB25E481C7 /* happy.png */; };
		4672E6FE30D6559D195F36FF /* HMPLiveActivityAttributes.swift in Sources */ = {isa = PBXBuildFile; fileRef = E00949575992714FE864975C /* HMPLiveActivityAttributes.swift */; };
		4C2C8B0102DA08FC131ED916 /* PlayerEngine.swift in Sources */ = {isa = PBXBuildFile; fileRef = 9EC5FD4AED35ED40AA769501 /* PlayerEngine.swift */; };
		4CA77639677D3B7FAC4A51BA /* twenty_twenties.png in Resources */ = {isa = PBXBuildFile; fileRef = 445988084C4FFDD1967E0942 /* twenty_twenties.png */; };
		4FDFBD5341CCE8B8A7D0780D /* night.png in Resources */ = {isa = PBXBuildFile; fileRef = 985BA5C8223AC3CF5A52C4D3 /* night.png */; };
		507A36E4A6F7586AC75CB72E /* HMPApp.swift in Sources */ = {isa = PBXBuildFile; fileRef = 2E2EC68F4F285D9130641138 /* HMPApp.swift */; };
		50F8AA27F4816E3B029FE494 /* hindi.png in Resources */ = {isa = PBXBuildFile; fileRef = 86C8D49F8C1EA43FDD868CA9 /* hindi.png */; };
		529255630025D17B7663BD15 /* relax.png in Resources */ = {isa = PBXBuildFile; fileRef = 910BF62F0ECF69E1A6BC108C /* relax.png */; };
		5AC7E8F13269CC347558444A /* study.png in Resources */ = {isa = PBXBuildFile; fileRef = 20750A861FD5862B6D600737 /* study.png */; };
		5AE63ACA9D32FCE86DE277E9 /* LiveActivityManager.swift in Sources */ = {isa = PBXBuildFile; fileRef = 7998419AA20EAE75EBC9B16F /* LiveActivityManager.swift */; };
		5D77EF558E543127497E9763 /* blues.png in Resources */ = {isa = PBXBuildFile; fileRef = 75EF90DB5727636500B31A96 /* blues.png */; };
		602AD1846BD95FE35BA58FE3 /* folk.png in Resources */ = {isa = PBXBuildFile; fileRef = C216E827C705AE47DCCE1687 /* folk.png */; };
		635744FAC435564DD4A72C7B /* MusicPlayerController.swift in Sources */ = {isa = PBXBuildFile; fileRef = DD9D85A71B0E1CAF84A3260F /* MusicPlayerController.swift */; };
		657EDCBAEFD035E533AEDADF /* soul.png in Resources */ = {isa = PBXBuildFile; fileRef = F133FDBA1A96023BFFD39A69 /* soul.png */; };
		6F2A3A79C57BDA523C55829A /* jazz.png in Resources */ = {isa = PBXBuildFile; fileRef = 4F107431E7660C970D106F47 /* jazz.png */; };
		70231B96A588D550D86B394E /* spanish.png in Resources */ = {isa = PBXBuildFile; fileRef = 8357524872E91180C7C2F85E /* spanish.png */; };
		726FC20EBEDB063B8DBAB5B4 /* NowPlayingInfoManager.swift in Sources */ = {isa = PBXBuildFile; fileRef = FA183D4CC90B8D2AC99553FC /* NowPlayingInfoManager.swift */; };
		734CE123F065BD63D5CB4DD1 /* AudioSessionManager.swift in Sources */ = {isa = PBXBuildFile; fileRef = C6F74741FB48414D3DC7201A /* AudioSessionManager.swift */; };
		750EA4C189DC061C1A1710D8 /* workout.png in Resources */ = {isa = PBXBuildFile; fileRef = C023471F57D282288D03BAD4 /* workout.png */; };
		752B08C0A01296BA2E37F26E /* electronic.png in Resources */ = {isa = PBXBuildFile; fileRef = 724010F07D57AE8642F1B76E /* electronic.png */; };
		757D26D3215C3022E7D1259C /* korean.png in Resources */ = {isa = PBXBuildFile; fileRef = 27DC788348A9FF8E36CBAC16 /* korean.png */; };
		75CD96C346E7949C57326A0B /* Pods_HMP.framework in Frameworks */ = {isa = PBXBuildFile; fileRef = E26C430E1D31D2D090C04D8A /* Pods_HMP.framework */; };
		7CA4320A3C5CB2E8D45F7B4E /* MusicMetadataParserBridge.swift in Sources */ = {isa = PBXBuildFile; fileRef = 4679E019D746B24542EE7361 /* MusicMetadataParserBridge.swift */; };
		809E0FA57DA0C7D2592315DA /* chinese.png in Resources */ = {isa = PBXBuildFile; fileRef = 4F6C988ED506D474F8D237BD /* chinese.png */; };
		8251D7D283D1C40F272B20B0 /* pop.png in Resources */ = {isa = PBXBuildFile; fileRef = 6A83C30870213413CA5FF464 /* pop.png */; };
		83BF653B59F5F6CB5F27673A /* german.png in Resources */ = {isa = PBXBuildFile; fileRef = 76DE66401B8A4032A358832E /* german.png */; };
		859A160103C810876D675882 /* AppDelegate.swift in Sources */ = {isa = PBXBuildFile; fileRef = 8183BDAC3B63AE695B69F415 /* AppDelegate.swift */; };
		86F87C363388F1EF714FA34C /* funk.png in Resources */ = {isa = PBXBuildFile; fileRef = A21F8B87FD4E62138F6A50EB /* funk.png */; };
		87E7F86660053772336B0E33 /* uplifting.png in Resources */ = {isa = PBXBuildFile; fileRef = 0F12054DD877E480A0E6FE01 /* uplifting.png */; };
		8E10C0308349C51937D552CC /* meditation.png in Resources */ = {isa = PBXBuildFile; fileRef = AAB0B4A7AE6622A14C313BAC /* meditation.png */; };
		9108EB6746C951F5E2D04C40 /* classical.png in Resources */ = {isa = PBXBuildFile; fileRef = 806D26AAAD48E53DD09FA512 /* classical.png */; };
		95AB0A4456309DDB90EBB2CF /* metal.png in Resources */ = {isa = PBXBuildFile; fileRef = 32727EF02BE1019401BA94E4 /* metal.png */; };
		95B7499EEF3168E2EE99BB9B /* hiphop.png in Resources */ = {isa = PBXBuildFile; fileRef = 1FFBF3478EE514EFD4299872 /* hiphop.png */; };
		962AA402C5A7F6DF444AE876 /* morning.png in Resources */ = {isa = PBXBuildFile; fileRef = 85781D5C1E4F5E8B29590074 /* morning.png */; };
		97C2EC5B073FD92C041B63F1 /* italian.png in Resources */ = {isa = PBXBuildFile; fileRef = 33FA802CFC0B35DB12DD857B /* italian.png */; };
		9847A26F83A2223FE9202D1C /* russian.png in Resources */ = {isa = PBXBuildFile; fileRef = 4BE40135A08282E2E1459B9D /* russian.png */; };
		9D0CAF4E1723C2E9F6DE6637 /* sad.png in Resources */ = {isa = PBXBuildFile; fileRef = C8F1198FA0766ED1DD0E5EBB /* sad.png */; };
		9D7F99B45EE483CD84D03DD5 /* focus.png in Resources */ = {isa = PBXBuildFile; fileRef = 632BCBFDEF8D43F25B2F2B5D /* focus.png */; };
		9F35867EED0D893EADEBD4CE /* melancholy.png in Resources */ = {isa = PBXBuildFile; fileRef = 7FAA087F2EA93D5E5DC3FCBC /* melancholy.png */; };
		A10636597C760F1012FFF7BE /* HMPMediaSession.swift in Sources */ = {isa = PBXBuildFile; fileRef = 59C099F4628458F7D91CF2EF /* HMPMediaSession.swift */; };
		A1D7B14E662369EF70EA6B2C /* mysterious.png in Resources */ = {isa = PBXBuildFile; fileRef = 87B498DA355761333AE6A8EA /* mysterious.png */; };
		A36789BE3CFE9AFAE69D3822 /* romantic.png in Resources */ = {isa = PBXBuildFile; fileRef = 0CB32ED40FC1C91BCC6F7FAA /* romantic.png */; };
		A851D80253CF6A614E077485 /* japanese.png in Resources */ = {isa = PBXBuildFile; fileRef = FBF4BA1759E4162BB21DFF3B /* japanese.png */; };
		AA2F15E8813D2FECF078C870 /* lonely.png in Resources */ = {isa = PBXBuildFile; fileRef = 4DB338691C3ED289C82EA004 /* lonely.png */; };
		B15503EDC00F6729829B5698 /* punk.png in Resources */ = {isa = PBXBuildFile; fileRef = 224BF1642BC1AFD8681162A8 /* punk.png */; };
		B173BD921CD638CAB7CC106D /* french.png in Resources */ = {isa = PBXBuildFile; fileRef = CD410F58EB5105B8D735E885 /* french.png */; };
		B9CF6681882ECD5FCBC4E5C6 /* party.png in Resources */ = {isa = PBXBuildFile; fileRef = 95010EFC52E8286D4E440715 /* party.png */; };
		BEE1C19C81A8483E1932D0DB /* unknown.png in Resources */ = {isa = PBXBuildFile; fileRef = FF856C097AF8CD253DD9CA58 /* unknown.png */; };
		BEF2966BCD5E8864CACFB8A2 /* driving.png in Resources */ = {isa = PBXBuildFile; fileRef = 7FF022FD56DDC35BF273265B /* driving.png */; };
		C2AE50908CDE0F5AE8F483FB /* dark.png in Resources */ = {isa = PBXBuildFile; fileRef = B69DD4757B4795E8776E3F32 /* dark.png */; };
		C2B2A075E3D28D26057B645D /* dinner.png in Resources */ = {isa = PBXBuildFile; fileRef = ABA0405BF4D3AFA836980C04 /* dinner.png */; };
		C5F531DD999B7D9C9FB1DF8C /* Assets.xcassets in Resources */ = {isa = PBXBuildFile; fileRef = 97BC568F3165ECF45FB47D85 /* Assets.xcassets */; };
		CE6BA5C36B564BE016666FE9 /* twenty_tens.png in Resources */ = {isa = PBXBuildFile; fileRef = CF7B767A3E6727EE27BCEDDE /* twenty_tens.png */; };
		D0291B404B68DB45DB3B39B5 /* arabic.png in Resources */ = {isa = PBXBuildFile; fileRef = C40A3A1C0E613C8E99A19311 /* arabic.png */; };
		D1DB9F2A78EC1C969DE1ADEE /* hopeful.png in Resources */ = {isa = PBXBuildFile; fileRef = 93521F8833EFA975D49AAC2E /* hopeful.png */; };
		D86D270C46A3BD56992B32FC /* nineties.png in Resources */ = {isa = PBXBuildFile; fileRef = C57E4AB6AA898975EE9B064D /* nineties.png */; };
		D8BDC5F0C843909876144983 /* reggae.png in Resources */ = {isa = PBXBuildFile; fileRef = 3CEC013C86A03D6DE95D3E76 /* reggae.png */; };
		D9896B70D4E85FF2BFF3E616 /* ArtworkExtractor.swift in Sources */ = {isa = PBXBuildFile; fileRef = 93E07828C0698B068224ACCF /* ArtworkExtractor.swift */; };
		EA4D80DBCA2361A7CA911A0C /* PlatformServicesBridge.swift in Sources */ = {isa = PBXBuildFile; fileRef = F46D2D257DBCB53B63A0D004 /* PlatformServicesBridge.swift */; };
		EADF0E32E9ECB688F04119D1 /* sixties.png in Resources */ = {isa = PBXBuildFile; fileRef = 5EC210E80647C29091C5099B /* sixties.png */; };
		EED5F9AFCB9C487CC46125A5 /* HmpLog.swift in Sources */ = {isa = PBXBuildFile; fileRef = A85CFDBFB502FA32DB646944 /* HmpLog.swift */; };
		F00E5D123EE0920A609FDC69 /* seventies.png in Resources */ = {isa = PBXBuildFile; fileRef = 973E05FEBDC3D588E43ED81E /* seventies.png */; };
		FC95A98BB6CDA2B515CCE2D3 /* travel.png in Resources */ = {isa = PBXBuildFile; fileRef = 2B36420392A91D583E5431D8 /* travel.png */; };
		FFD3CC292C263D517E3D8245 /* english.png in Resources */ = {isa = PBXBuildFile; fileRef = 8130BD644FAD2A7C8657AFAB /* english.png */; };
/* End PBXBuildFile section */

/* Begin PBXFileReference section */
		0CB32ED40FC1C91BCC6F7FAA /* romantic.png */ = {isa = PBXFileReference; lastKnownFileType = image.png; path = romantic.png; sourceTree = "<group>"; };
		0F12054DD877E480A0E6FE01 /* uplifting.png */ = {isa = PBXFileReference; lastKnownFileType = image.png; path = uplifting.png; sourceTree = "<group>"; };
		15B421A7175DF07D0029AE46 /* sleep.png */ = {isa = PBXFileReference; lastKnownFileType = image.png; path = sleep.png; sourceTree = "<group>"; };
		1FFBF3478EE514EFD4299872 /* hiphop.png */ = {isa = PBXFileReference; lastKnownFileType = image.png; path = hiphop.png; sourceTree = "<group>"; };
		20750A861FD5862B6D600737 /* study.png */ = {isa = PBXFileReference; lastKnownFileType = image.png; path = study.png; sourceTree = "<group>"; };
		224BF1642BC1AFD8681162A8 /* punk.png */ = {isa = PBXFileReference; lastKnownFileType = image.png; path = punk.png; sourceTree = "<group>"; };
		27DC788348A9FF8E36CBAC16 /* korean.png */ = {isa = PBXFileReference; lastKnownFileType = image.png; path = korean.png; sourceTree = "<group>"; };
		2B36420392A91D583E5431D8 /* travel.png */ = {isa = PBXFileReference; lastKnownFileType = image.png; path = travel.png; sourceTree = "<group>"; };
		2CA0315DC1F9051649615FE8 /* eighties.png */ = {isa = PBXFileReference; lastKnownFileType = image.png; path = eighties.png; sourceTree = "<group>"; };
		2E2EC68F4F285D9130641138 /* HMPApp.swift */ = {isa = PBXFileReference; lastKnownFileType = sourcecode.swift; path = HMPApp.swift; sourceTree = "<group>"; };
		32727EF02BE1019401BA94E4 /* metal.png */ = {isa = PBXFileReference; lastKnownFileType = image.png; path = metal.png; sourceTree = "<group>"; };
		33FA802CFC0B35DB12DD857B /* italian.png */ = {isa = PBXFileReference; lastKnownFileType = image.png; path = italian.png; sourceTree = "<group>"; };
		3CEC013C86A03D6DE95D3E76 /* reggae.png */ = {isa = PBXFileReference; lastKnownFileType = image.png; path = reggae.png; sourceTree = "<group>"; };
		3DF476B5110B90C8DD1D3E63 /* two_thousands.png */ = {isa = PBXFileReference; lastKnownFileType = image.png; path = two_thousands.png; sourceTree = "<group>"; };
		43F47BD4A18C4D7B66DBDD15 /* rnb.png */ = {isa = PBXFileReference; lastKnownFileType = image.png; path = rnb.png; sourceTree = "<group>"; };
		445988084C4FFDD1967E0942 /* twenty_twenties.png */ = {isa = PBXFileReference; lastKnownFileType = image.png; path = twenty_twenties.png; sourceTree = "<group>"; };
		4679E019D746B24542EE7361 /* MusicMetadataParserBridge.swift */ = {isa = PBXFileReference; lastKnownFileType = sourcecode.swift; path = MusicMetadataParserBridge.swift; sourceTree = "<group>"; };
		4A384916362D3FE75B6F5877 /* country.png */ = {isa = PBXFileReference; lastKnownFileType = image.png; path = country.png; sourceTree = "<group>"; };
		4BE40135A08282E2E1459B9D /* russian.png */ = {isa = PBXFileReference; lastKnownFileType = image.png; path = russian.png; sourceTree = "<group>"; };
		4DB338691C3ED289C82EA004 /* lonely.png */ = {isa = PBXFileReference; lastKnownFileType = image.png; path = lonely.png; sourceTree = "<group>"; };
		4F107431E7660C970D106F47 /* jazz.png */ = {isa = PBXFileReference; lastKnownFileType = image.png; path = jazz.png; sourceTree = "<group>"; };
		4F6C988ED506D474F8D237BD /* chinese.png */ = {isa = PBXFileReference; lastKnownFileType = image.png; path = chinese.png; sourceTree = "<group>"; };
		59C099F4628458F7D91CF2EF /* HMPMediaSession.swift */ = {isa = PBXFileReference; lastKnownFileType = sourcecode.swift; path = HMPMediaSession.swift; sourceTree = "<group>"; };
		5EC210E80647C29091C5099B /* sixties.png */ = {isa = PBXFileReference; lastKnownFileType = image.png; path = sixties.png; sourceTree = "<group>"; };
		632BCBFDEF8D43F25B2F2B5D /* focus.png */ = {isa = PBXFileReference; lastKnownFileType = image.png; path = focus.png; sourceTree = "<group>"; };
		67408640D59D79EEE8286B30 /* CoverCache.swift */ = {isa = PBXFileReference; lastKnownFileType = sourcecode.swift; path = CoverCache.swift; sourceTree = "<group>"; };
		6902C0777E7E8890A43AA0E1 /* Info.plist */ = {isa = PBXFileReference; lastKnownFileType = text.plist; path = Info.plist; sourceTree = "<group>"; };
		6A83C30870213413CA5FF464 /* pop.png */ = {isa = PBXFileReference; lastKnownFileType = image.png; path = pop.png; sourceTree = "<group>"; };
		703F712922DE6E34039A2A95 /* calm.png */ = {isa = PBXFileReference; lastKnownFileType = image.png; path = calm.png; sourceTree = "<group>"; };
		724010F07D57AE8642F1B76E /* electronic.png */ = {isa = PBXFileReference; lastKnownFileType = image.png; path = electronic.png; sourceTree = "<group>"; };
		75EF90DB5727636500B31A96 /* blues.png */ = {isa = PBXFileReference; lastKnownFileType = image.png; path = blues.png; sourceTree = "<group>"; };
		76DE66401B8A4032A358832E /* german.png */ = {isa = PBXFileReference; lastKnownFileType = image.png; path = german.png; sourceTree = "<group>"; };
		7998419AA20EAE75EBC9B16F /* LiveActivityManager.swift */ = {isa = PBXFileReference; lastKnownFileType = sourcecode.swift; path = LiveActivityManager.swift; sourceTree = "<group>"; };
		7FAA087F2EA93D5E5DC3FCBC /* melancholy.png */ = {isa = PBXFileReference; lastKnownFileType = image.png; path = melancholy.png; sourceTree = "<group>"; };
		7FF022FD56DDC35BF273265B /* driving.png */ = {isa = PBXFileReference; lastKnownFileType = image.png; path = driving.png; sourceTree = "<group>"; };
		806D26AAAD48E53DD09FA512 /* classical.png */ = {isa = PBXFileReference; lastKnownFileType = image.png; path = classical.png; sourceTree = "<group>"; };
		8130BD644FAD2A7C8657AFAB /* english.png */ = {isa = PBXFileReference; lastKnownFileType = image.png; path = english.png; sourceTree = "<group>"; };
		8183BDAC3B63AE695B69F415 /* AppDelegate.swift */ = {isa = PBXFileReference; lastKnownFileType = sourcecode.swift; path = AppDelegate.swift; sourceTree = "<group>"; };
		8357524872E91180C7C2F85E /* spanish.png */ = {isa = PBXFileReference; lastKnownFileType = image.png; path = spanish.png; sourceTree = "<group>"; };
		85781D5C1E4F5E8B29590074 /* morning.png */ = {isa = PBXFileReference; lastKnownFileType = image.png; path = morning.png; sourceTree = "<group>"; };
		86C8D49F8C1EA43FDD868CA9 /* hindi.png */ = {isa = PBXFileReference; lastKnownFileType = image.png; path = hindi.png; sourceTree = "<group>"; };
		87B498DA355761333AE6A8EA /* mysterious.png */ = {isa = PBXFileReference; lastKnownFileType = image.png; path = mysterious.png; sourceTree = "<group>"; };
		8FF56D217D4FAFE12822A65C /* PlaybackBridge.swift */ = {isa = PBXFileReference; lastKnownFileType = sourcecode.swift; path = PlaybackBridge.swift; sourceTree = "<group>"; };
		910BF62F0ECF69E1A6BC108C /* relax.png */ = {isa = PBXFileReference; lastKnownFileType = image.png; path = relax.png; sourceTree = "<group>"; };
		93521F8833EFA975D49AAC2E /* hopeful.png */ = {isa = PBXFileReference; lastKnownFileType = image.png; path = hopeful.png; sourceTree = "<group>"; };
		93E07828C0698B068224ACCF /* ArtworkExtractor.swift */ = {isa = PBXFileReference; lastKnownFileType = sourcecode.swift; path = ArtworkExtractor.swift; sourceTree = "<group>"; };
		95010EFC52E8286D4E440715 /* party.png */ = {isa = PBXFileReference; lastKnownFileType = image.png; path = party.png; sourceTree = "<group>"; };
		973E05FEBDC3D588E43ED81E /* seventies.png */ = {isa = PBXFileReference; lastKnownFileType = image.png; path = seventies.png; sourceTree = "<group>"; };
		97BC568F3165ECF45FB47D85 /* Assets.xcassets */ = {isa = PBXFileReference; lastKnownFileType = folder.assetcatalog; path = Assets.xcassets; sourceTree = "<group>"; };
		985BA5C8223AC3CF5A52C4D3 /* night.png */ = {isa = PBXFileReference; lastKnownFileType = image.png; path = night.png; sourceTree = "<group>"; };
		9EC5FD4AED35ED40AA769501 /* PlayerEngine.swift */ = {isa = PBXFileReference; lastKnownFileType = sourcecode.swift; path = PlayerEngine.swift; sourceTree = "<group>"; };
		A21F8B87FD4E62138F6A50EB /* funk.png */ = {isa = PBXFileReference; lastKnownFileType = image.png; path = funk.png; sourceTree = "<group>"; };
		A85CFDBFB502FA32DB646944 /* HmpLog.swift */ = {isa = PBXFileReference; lastKnownFileType = sourcecode.swift; path = HmpLog.swift; sourceTree = "<group>"; };
		AAB0B4A7AE6622A14C313BAC /* meditation.png */ = {isa = PBXFileReference; lastKnownFileType = image.png; path = meditation.png; sourceTree = "<group>"; };
		ABA0405BF4D3AFA836980C04 /* dinner.png */ = {isa = PBXFileReference; lastKnownFileType = image.png; path = dinner.png; sourceTree = "<group>"; };
		B69DD4757B4795E8776E3F32 /* dark.png */ = {isa = PBXFileReference; lastKnownFileType = image.png; path = dark.png; sourceTree = "<group>"; };
		C023471F57D282288D03BAD4 /* workout.png */ = {isa = PBXFileReference; lastKnownFileType = image.png; path = workout.png; sourceTree = "<group>"; };
		C216E827C705AE47DCCE1687 /* folk.png */ = {isa = PBXFileReference; lastKnownFileType = image.png; path = folk.png; sourceTree = "<group>"; };
		C2890ADF3E85D06F12514248 /* RemoteCommandManager.swift */ = {isa = PBXFileReference; lastKnownFileType = sourcecode.swift; path = RemoteCommandManager.swift; sourceTree = "<group>"; };
		C40A3A1C0E613C8E99A19311 /* arabic.png */ = {isa = PBXFileReference; lastKnownFileType = image.png; path = arabic.png; sourceTree = "<group>"; };
		C57E4AB6AA898975EE9B064D /* nineties.png */ = {isa = PBXFileReference; lastKnownFileType = image.png; path = nineties.png; sourceTree = "<group>"; };
		C666C7C4A484AFBB25E481C7 /* happy.png */ = {isa = PBXFileReference; lastKnownFileType = image.png; path = happy.png; sourceTree = "<group>"; };
		C6F74741FB48414D3DC7201A /* AudioSessionManager.swift */ = {isa = PBXFileReference; lastKnownFileType = sourcecode.swift; path = AudioSessionManager.swift; sourceTree = "<group>"; };
		C8F1198FA0766ED1DD0E5EBB /* sad.png */ = {isa = PBXFileReference; lastKnownFileType = image.png; path = sad.png; sourceTree = "<group>"; };
		CD410F58EB5105B8D735E885 /* french.png */ = {isa = PBXFileReference; lastKnownFileType = image.png; path = french.png; sourceTree = "<group>"; };
		CF7B767A3E6727EE27BCEDDE /* twenty_tens.png */ = {isa = PBXFileReference; lastKnownFileType = image.png; path = twenty_tens.png; sourceTree = "<group>"; };
		DA9E1D18B52FE674F99EF44F /* Pods-HMP.debug.xcconfig */ = {isa = PBXFileReference; includeInIndex = 1; lastKnownFileType = text.xcconfig; name = "Pods-HMP.debug.xcconfig"; path = "Target Support Files/Pods-HMP/Pods-HMP.debug.xcconfig"; sourceTree = "<group>"; };
		DD9D85A71B0E1CAF84A3260F /* MusicPlayerController.swift */ = {isa = PBXFileReference; lastKnownFileType = sourcecode.swift; path = MusicPlayerController.swift; sourceTree = "<group>"; };
		DFA63CB64A00B237D5381E4E /* HMP.app */ = {isa = PBXFileReference; includeInIndex = 0; lastKnownFileType = wrapper.application; path = HMP.app; sourceTree = BUILT_PRODUCTS_DIR; };
		E00949575992714FE864975C /* HMPLiveActivityAttributes.swift */ = {isa = PBXFileReference; lastKnownFileType = sourcecode.swift; path = HMPLiveActivityAttributes.swift; sourceTree = "<group>"; };
		E11503FA85AFB6BE4280C47B /* ArtworkLoader.swift */ = {isa = PBXFileReference; lastKnownFileType = sourcecode.swift; path = ArtworkLoader.swift; sourceTree = "<group>"; };
		E26C430E1D31D2D090C04D8A /* Pods_HMP.framework */ = {isa = PBXFileReference; explicitFileType = wrapper.framework; includeInIndex = 0; path = Pods_HMP.framework; sourceTree = BUILT_PRODUCTS_DIR; };
		EBE0865F40F51E42795879F8 /* angry.png */ = {isa = PBXFileReference; lastKnownFileType = image.png; path = angry.png; sourceTree = "<group>"; };
		EE03BFC6EDC42E0E8C255054 /* energetic.png */ = {isa = PBXFileReference; lastKnownFileType = image.png; path = energetic.png; sourceTree = "<group>"; };
		F133FDBA1A96023BFFD39A69 /* soul.png */ = {isa = PBXFileReference; lastKnownFileType = image.png; path = soul.png; sourceTree = "<group>"; };
		F46D2D257DBCB53B63A0D004 /* PlatformServicesBridge.swift */ = {isa = PBXFileReference; lastKnownFileType = sourcecode.swift; path = PlatformServicesBridge.swift; sourceTree = "<group>"; };
		F4F5263290F3A528C84D9153 /* rock.png */ = {isa = PBXFileReference; lastKnownFileType = image.png; path = rock.png; sourceTree = "<group>"; };
		FA183D4CC90B8D2AC99553FC /* NowPlayingInfoManager.swift */ = {isa = PBXFileReference; lastKnownFileType = sourcecode.swift; path = NowPlayingInfoManager.swift; sourceTree = "<group>"; };
		FBEF40B073AEB3C658A50794 /* indie.png */ = {isa = PBXFileReference; lastKnownFileType = image.png; path = indie.png; sourceTree = "<group>"; };
		FBF4BA1759E4162BB21DFF3B /* japanese.png */ = {isa = PBXFileReference; lastKnownFileType = image.png; path = japanese.png; sourceTree = "<group>"; };
		FD877C5D86A59246E799E1F3 /* ContentView.swift */ = {isa = PBXFileReference; lastKnownFileType = sourcecode.swift; path = ContentView.swift; sourceTree = "<group>"; };
		FF856C097AF8CD253DD9CA58 /* unknown.png */ = {isa = PBXFileReference; lastKnownFileType = image.png; path = unknown.png; sourceTree = "<group>"; };
		FFCEC3EE56FE21719380611D /* Pods-HMP.release.xcconfig */ = {isa = PBXFileReference; includeInIndex = 1; lastKnownFileType = text.xcconfig; name = "Pods-HMP.release.xcconfig"; path = "Target Support Files/Pods-HMP/Pods-HMP.release.xcconfig"; sourceTree = "<group>"; };
/* End PBXFileReference section */

/* Begin PBXFrameworksBuildPhase section */
		240043DA3A596BC504CD24EF /* Frameworks */ = {
			isa = PBXFrameworksBuildPhase;
			buildActionMask = 2147483647;
			files = (
				75CD96C346E7949C57326A0B /* Pods_HMP.framework in Frameworks */,
			);
			runOnlyForDeploymentPostprocessing = 0;
		};
/* End PBXFrameworksBuildPhase section */

/* Begin PBXGroup section */
		2EC34E592A8C063A2B8C4074 /* Common */ = {
			isa = PBXGroup;
			children = (
				5E4F900BBD0EBCA536A3DC0C /* Util */,
				A85CFDBFB502FA32DB646944 /* HmpLog.swift */,
			);
			path = Common;
			sourceTree = "<group>";
		};
		30CDC2FBF0D09932E96D3C66 /* icons */ = {
			isa = PBXGroup;
			children = (
				EBE0865F40F51E42795879F8 /* angry.png */,
				C40A3A1C0E613C8E99A19311 /* arabic.png */,
				75EF90DB5727636500B31A96 /* blues.png */,
				703F712922DE6E34039A2A95 /* calm.png */,
				4F6C988ED506D474F8D237BD /* chinese.png */,
				806D26AAAD48E53DD09FA512 /* classical.png */,
				4A384916362D3FE75B6F5877 /* country.png */,
				B69DD4757B4795E8776E3F32 /* dark.png */,
				ABA0405BF4D3AFA836980C04 /* dinner.png */,
				7FF022FD56DDC35BF273265B /* driving.png */,
				2CA0315DC1F9051649615FE8 /* eighties.png */,
				724010F07D57AE8642F1B76E /* electronic.png */,
				EE03BFC6EDC42E0E8C255054 /* energetic.png */,
				8130BD644FAD2A7C8657AFAB /* english.png */,
				632BCBFDEF8D43F25B2F2B5D /* focus.png */,
				C216E827C705AE47DCCE1687 /* folk.png */,
				CD410F58EB5105B8D735E885 /* french.png */,
				A21F8B87FD4E62138F6A50EB /* funk.png */,
				76DE66401B8A4032A358832E /* german.png */,
				C666C7C4A484AFBB25E481C7 /* happy.png */,
				86C8D49F8C1EA43FDD868CA9 /* hindi.png */,
				1FFBF3478EE514EFD4299872 /* hiphop.png */,
				93521F8833EFA975D49AAC2E /* hopeful.png */,
				FBEF40B073AEB3C658A50794 /* indie.png */,
				33FA802CFC0B35DB12DD857B /* italian.png */,
				FBF4BA1759E4162BB21DFF3B /* japanese.png */,
				4F107431E7660C970D106F47 /* jazz.png */,
				27DC788348A9FF8E36CBAC16 /* korean.png */,
				4DB338691C3ED289C82EA004 /* lonely.png */,
				AAB0B4A7AE6622A14C313BAC /* meditation.png */,
				7FAA087F2EA93D5E5DC3FCBC /* melancholy.png */,
				32727EF02BE1019401BA94E4 /* metal.png */,
				85781D5C1E4F5E8B29590074 /* morning.png */,
				87B498DA355761333AE6A8EA /* mysterious.png */,
				985BA5C8223AC3CF5A52C4D3 /* night.png */,
				C57E4AB6AA898975EE9B064D /* nineties.png */,
				95010EFC52E8286D4E440715 /* party.png */,
				6A83C30870213413CA5FF464 /* pop.png */,
				224BF1642BC1AFD8681162A8 /* punk.png */,
				3CEC013C86A03D6DE95D3E76 /* reggae.png */,
				910BF62F0ECF69E1A6BC108C /* relax.png */,
				43F47BD4A18C4D7B66DBDD15 /* rnb.png */,
				F4F5263290F3A528C84D9153 /* rock.png */,
				0CB32ED40FC1C91BCC6F7FAA /* romantic.png */,
				4BE40135A08282E2E1459B9D /* russian.png */,
				C8F1198FA0766ED1DD0E5EBB /* sad.png */,
				973E05FEBDC3D588E43ED81E /* seventies.png */,
				5EC210E80647C29091C5099B /* sixties.png */,
				15B421A7175DF07D0029AE46 /* sleep.png */,
				F133FDBA1A96023BFFD39A69 /* soul.png */,
				8357524872E91180C7C2F85E /* spanish.png */,
				20750A861FD5862B6D600737 /* study.png */,
				2B36420392A91D583E5431D8 /* travel.png */,
				CF7B767A3E6727EE27BCEDDE /* twenty_tens.png */,
				445988084C4FFDD1967E0942 /* twenty_twenties.png */,
				3DF476B5110B90C8DD1D3E63 /* two_thousands.png */,
				FF856C097AF8CD253DD9CA58 /* unknown.png */,
				0F12054DD877E480A0E6FE01 /* uplifting.png */,
				C023471F57D282288D03BAD4 /* workout.png */,
			);
			path = icons;
			sourceTree = "<group>";
		};
		5B7FA5F889E26E67103EB3AF /* Products */ = {
			isa = PBXGroup;
			children = (
				DFA63CB64A00B237D5381E4E /* HMP.app */,
			);
			name = Products;
			sourceTree = "<group>";
		};
		5E4F900BBD0EBCA536A3DC0C /* Util */ = {
			isa = PBXGroup;
			children = (
				93E07828C0698B068224ACCF /* ArtworkExtractor.swift */,
			);
			path = Util;
			sourceTree = "<group>";
		};
		6DC8DC912AD7141CE15D7BA1 /* Frameworks */ = {
			isa = PBXGroup;
			children = (
				E26C430E1D31D2D090C04D8A /* Pods_HMP.framework */,
			);
			name = Frameworks;
			sourceTree = "<group>";
		};
		9446DE09162CFFA65A80724F /* HMP */ = {
			isa = PBXGroup;
			children = (
				8183BDAC3B63AE695B69F415 /* AppDelegate.swift */,
				97BC568F3165ECF45FB47D85 /* Assets.xcassets */,
				FD877C5D86A59246E799E1F3 /* ContentView.swift */,
				2E2EC68F4F285D9130641138 /* HMPApp.swift */,
				6902C0777E7E8890A43AA0E1 /* Info.plist */,
				C00366BDFFB5E33AB5E217C4 /* Features */,
				30CDC2FBF0D09932E96D3C66 /* icons */,
			);
			path = HMP;
			sourceTree = "<group>";
		};
		B2BE45F939F2A60052838BBA = {
			isa = PBXGroup;
			children = (
				9446DE09162CFFA65A80724F /* HMP */,
				5B7FA5F889E26E67103EB3AF /* Products */,
				BF049240F047DD6EBF9E5F1C /* Pods */,
				6DC8DC912AD7141CE15D7BA1 /* Frameworks */,
			);
			sourceTree = "<group>";
		};
		BF049240F047DD6EBF9E5F1C /* Pods */ = {
			isa = PBXGroup;
			children = (
				DA9E1D18B52FE674F99EF44F /* Pods-HMP.debug.xcconfig */,
				FFCEC3EE56FE21719380611D /* Pods-HMP.release.xcconfig */,
			);
			name = Pods;
			path = ../Pods;
			sourceTree = "<group>";
		};
		C00366BDFFB5E33AB5E217C4 /* Features */ = {
			isa = PBXGroup;
			children = (
				2EC34E592A8C063A2B8C4074 /* Common */,
				E14DE439C560EFA15BDB50DA /* Library */,
				FF66A5FDA2733F8DC91AE674 /* Player */,
			);
			path = Features;
			sourceTree = "<group>";
		};
		C64F5C916EAF71F3EABE73D5 /* MediaSession */ = {
			isa = PBXGroup;
			children = (
				E11503FA85AFB6BE4280C47B /* ArtworkLoader.swift */,
				67408640D59D79EEE8286B30 /* CoverCache.swift */,
				E00949575992714FE864975C /* HMPLiveActivityAttributes.swift */,
				59C099F4628458F7D91CF2EF /* HMPMediaSession.swift */,
				7998419AA20EAE75EBC9B16F /* LiveActivityManager.swift */,
				FA183D4CC90B8D2AC99553FC /* NowPlayingInfoManager.swift */,
				C2890ADF3E85D06F12514248 /* RemoteCommandManager.swift */,
			);
			path = MediaSession;
			sourceTree = "<group>";
		};
		E14DE439C560EFA15BDB50DA /* Library */ = {
			isa = PBXGroup;
			children = (
				4679E019D746B24542EE7361 /* MusicMetadataParserBridge.swift */,
			);
			path = Library;
			sourceTree = "<group>";
		};
		FF66A5FDA2733F8DC91AE674 /* Player */ = {
			isa = PBXGroup;
			children = (
				C6F74741FB48414D3DC7201A /* AudioSessionManager.swift */,
				DD9D85A71B0E1CAF84A3260F /* MusicPlayerController.swift */,
				F46D2D257DBCB53B63A0D004 /* PlatformServicesBridge.swift */,
				8FF56D217D4FAFE12822A65C /* PlaybackBridge.swift */,
				9EC5FD4AED35ED40AA769501 /* PlayerEngine.swift */,
				C64F5C916EAF71F3EABE73D5 /* MediaSession */,
			);
			path = Player;
			sourceTree = "<group>";
		};
/* End PBXGroup section */

/* Begin PBXNativeTarget section */
		05692728EC8A76103B31FA7B /* HMP */ = {
			isa = PBXNativeTarget;
			buildConfigurationList = DC0812BB2293095F16A73D13 /* Build configuration list for PBXNativeTarget "HMP" */;
			buildPhases = (
				008F58CA55C2E661EBD8D93D /* [CP] Check Pods Manifest.lock */,
				DCE5C8BA6DBC2EA1B7510DD3 /* Sources */,
				E434ED0C7A2D72CE960C3C18 /* Resources */,
				1F1FA1C670D325CF1B2C0E09 /* Copy KMP Compose Resources */,
				240043DA3A596BC504CD24EF /* Frameworks */,
				B402EFA7882F5A57C2F98DF7 /* [CP] Copy Pods Resources */,
			);
			buildRules = (
			);
			dependencies = (
			);
			name = HMP;
			productName = HMP;
			productReference = DFA63CB64A00B237D5381E4E /* HMP.app */;
			productType = "com.apple.product-type.application";
		};
/* End PBXNativeTarget section */

/* Begin PBXProject section */
		26B58AE86EB27CAE44F07D51 /* Project object */ = {
			isa = PBXProject;
			attributes = {
				BuildIndependentTargetsInParallel = YES;
				LastUpgradeCheck = 1600;
				TargetAttributes = {
					05692728EC8A76103B31FA7B = {
						DevelopmentTeam = 6MWD22QB9Z;
						ProvisioningStyle = Automatic;
					};
				};
			};
			buildConfigurationList = 7EFCE9E938F4CE5F70D524D2 /* Build configuration list for PBXProject "HMP" */;
			developmentRegion = en;
			hasScannedForEncodings = 0;
			knownRegions = (
				Base,
				en,
			);
			mainGroup = B2BE45F939F2A60052838BBA;
			minimizedProjectReferenceProxies = 1;
			preferredProjectObjectVersion = 77;
			productRefGroup = 5B7FA5F889E26E67103EB3AF /* Products */;
			projectDirPath = "";
			projectRoot = "";
			targets = (
				05692728EC8A76103B31FA7B /* HMP */,
			);
		};
/* End PBXProject section */

/* Begin PBXResourcesBuildPhase section */
		E434ED0C7A2D72CE960C3C18 /* Resources */ = {
			isa = PBXResourcesBuildPhase;
			buildActionMask = 2147483647;
			files = (
				C5F531DD999B7D9C9FB1DF8C /* Assets.xcassets in Resources */,
				01CAED2BF426B94738391432 /* angry.png in Resources */,
				D0291B404B68DB45DB3B39B5 /* arabic.png in Resources */,
				5D77EF558E543127497E9763 /* blues.png in Resources */,
				21438D995ACEF128A6090EA0 /* calm.png in Resources */,
				809E0FA57DA0C7D2592315DA /* chinese.png in Resources */,
				9108EB6746C951F5E2D04C40 /* classical.png in Resources */,
				2938DCA661678C3F0EBDF3E0 /* country.png in Resources */,
				C2AE50908CDE0F5AE8F483FB /* dark.png in Resources */,
				C2B2A075E3D28D26057B645D /* dinner.png in Resources */,
				BEF2966BCD5E8864CACFB8A2 /* driving.png in Resources */,
				025660847FF62F8D17A5F631 /* eighties.png in Resources */,
				752B08C0A01296BA2E37F26E /* electronic.png in Resources */,
				1E537689885571091D8DD49B /* energetic.png in Resources */,
				FFD3CC292C263D517E3D8245 /* english.png in Resources */,
				9D7F99B45EE483CD84D03DD5 /* focus.png in Resources */,
				602AD1846BD95FE35BA58FE3 /* folk.png in Resources */,
				B173BD921CD638CAB7CC106D /* french.png in Resources */,
				86F87C363388F1EF714FA34C /* funk.png in Resources */,
				83BF653B59F5F6CB5F27673A /* german.png in Resources */,
				424166AAA53C089B450365A4 /* happy.png in Resources */,
				50F8AA27F4816E3B029FE494 /* hindi.png in Resources */,
				95B7499EEF3168E2EE99BB9B /* hiphop.png in Resources */,
				D1DB9F2A78EC1C969DE1ADEE /* hopeful.png in Resources */,
				028D6B165343163EEC73864A /* indie.png in Resources */,
				97C2EC5B073FD92C041B63F1 /* italian.png in Resources */,
				A851D80253CF6A614E077485 /* japanese.png in Resources */,
				6F2A3A79C57BDA523C55829A /* jazz.png in Resources */,
				757D26D3215C3022E7D1259C /* korean.png in Resources */,
				AA2F15E8813D2FECF078C870 /* lonely.png in Resources */,
				8E10C0308349C51937D552CC /* meditation.png in Resources */,
				9F35867EED0D893EADEBD4CE /* melancholy.png in Resources */,
				95AB0A4456309DDB90EBB2CF /* metal.png in Resources */,
				962AA402C5A7F6DF444AE876 /* morning.png in Resources */,
				A1D7B14E662369EF70EA6B2C /* mysterious.png in Resources */,
				4FDFBD5341CCE8B8A7D0780D /* night.png in Resources */,
				D86D270C46A3BD56992B32FC /* nineties.png in Resources */,
				B9CF6681882ECD5FCBC4E5C6 /* party.png in Resources */,
				8251D7D283D1C40F272B20B0 /* pop.png in Resources */,
				B15503EDC00F6729829B5698 /* punk.png in Resources */,
				D8BDC5F0C843909876144983 /* reggae.png in Resources */,
				529255630025D17B7663BD15 /* relax.png in Resources */,
				3D41F8E97252B4DEA4327DEE /* rnb.png in Resources */,
				022AA910CD8B481CE27CB836 /* rock.png in Resources */,
				A36789BE3CFE9AFAE69D3822 /* romantic.png in Resources */,
				9847A26F83A2223FE9202D1C /* russian.png in Resources */,
				9D0CAF4E1723C2E9F6DE6637 /* sad.png in Resources */,
				F00E5D123EE0920A609FDC69 /* seventies.png in Resources */,
				EADF0E32E9ECB688F04119D1 /* sixties.png in Resources */,
				0671B0C2BA01EE5F5E242AF7 /* sleep.png in Resources */,
				657EDCBAEFD035E533AEDADF /* soul.png in Resources */,
				70231B96A588D550D86B394E /* spanish.png in Resources */,
				5AC7E8F13269CC347558444A /* study.png in Resources */,
				FC95A98BB6CDA2B515CCE2D3 /* travel.png in Resources */,
				CE6BA5C36B564BE016666FE9 /* twenty_tens.png in Resources */,
				4CA77639677D3B7FAC4A51BA /* twenty_twenties.png in Resources */,
				159CBE95B04C19838F753D25 /* two_thousands.png in Resources */,
				BEE1C19C81A8483E1932D0DB /* unknown.png in Resources */,
				87E7F86660053772336B0E33 /* uplifting.png in Resources */,
				750EA4C189DC061C1A1710D8 /* workout.png in Resources */,
			);
			runOnlyForDeploymentPostprocessing = 0;
		};
/* End PBXResourcesBuildPhase section */

/* Begin PBXShellScriptBuildPhase section */
		008F58CA55C2E661EBD8D93D /* [CP] Check Pods Manifest.lock */ = {
			isa = PBXShellScriptBuildPhase;
			buildActionMask = 2147483647;
			files = (
			);
			inputFileListPaths = (
			);
			inputPaths = (
				"${PODS_PODFILE_DIR_PATH}/Podfile.lock",
				"${PODS_ROOT}/Manifest.lock",
			);
			name = "[CP] Check Pods Manifest.lock";
			outputFileListPaths = (
			);
			outputPaths = (
				"$(DERIVED_FILE_DIR)/Pods-HMP-checkManifestLockResult.txt",
			);
			runOnlyForDeploymentPostprocessing = 0;
			shellPath = /bin/sh;
			shellScript = "diff \"${PODS_PODFILE_DIR_PATH}/Podfile.lock\" \"${PODS_ROOT}/Manifest.lock\" > /dev/null\nif [ $? != 0 ] ; then\n    # print error to STDERR\n    echo \"error: The sandbox is not in sync with the Podfile.lock. Run 'pod install' or update your CocoaPods installation.\" >&2\n    exit 1\nfi\n# This output is used by Xcode 'outputs' to avoid re-running this script phase.\necho \"SUCCESS\" > \"${SCRIPT_OUTPUT_FILE_0}\"\n";
			showEnvVarsInLog = 0;
		};
		1F1FA1C670D325CF1B2C0E09 /* Copy KMP Compose Resources */ = {
			isa = PBXShellScriptBuildPhase;
			buildActionMask = 2147483647;
			files = (
			);
			inputFileListPaths = (
			);
			inputPaths = (
			);
			name = "Copy KMP Compose Resources";
			outputFileListPaths = (
			);
			outputPaths = (
			);
			runOnlyForDeploymentPostprocessing = 0;
			shellPath = /bin/sh;
			shellScript = "set -e\nSRC=\"$PODS_ROOT/../shared-ios/build/compose/cocoapods/compose-resources/composeResources\"\nDEST=\"$TARGET_BUILD_DIR/$UNLOCALIZED_RESOURCES_FOLDER_PATH/compose-resources/composeResources\"\nif [ -d \"$SRC\" ]; then\n  rm -rf \"$DEST\"\n  mkdir -p \"$(dirname \"$DEST\")\"\n  cp -R \"$SRC\" \"$(dirname \"$DEST\")/\"\nfi\n";
		};
		B402EFA7882F5A57C2F98DF7 /* [CP] Copy Pods Resources */ = {
			isa = PBXShellScriptBuildPhase;
			buildActionMask = 2147483647;
			files = (
			);
			inputFileListPaths = (
				"${PODS_ROOT}/Target Support Files/Pods-HMP/Pods-HMP-resources-${CONFIGURATION}-input-files.xcfilelist",
			);
			name = "[CP] Copy Pods Resources";
			outputFileListPaths = (
				"${PODS_ROOT}/Target Support Files/Pods-HMP/Pods-HMP-resources-${CONFIGURATION}-output-files.xcfilelist",
			);
			runOnlyForDeploymentPostprocessing = 0;
			shellPath = /bin/sh;
			shellScript = "\"${PODS_ROOT}/Target Support Files/Pods-HMP/Pods-HMP-resources.sh\"\n";
			showEnvVarsInLog = 0;
		};
/* End PBXShellScriptBuildPhase section */

/* Begin PBXSourcesBuildPhase section */
		DCE5C8BA6DBC2EA1B7510DD3 /* Sources */ = {
			isa = PBXSourcesBuildPhase;
			buildActionMask = 2147483647;
			files = (
				859A160103C810876D675882 /* AppDelegate.swift in Sources */,
				EED5F9AFCB9C487CC46125A5 /* HmpLog.swift in Sources */,
				D9896B70D4E85FF2BFF3E616 /* ArtworkExtractor.swift in Sources */,
				11200C4F8A2C0C79B8B350EC /* ArtworkLoader.swift in Sources */,
				734CE123F065BD63D5CB4DD1 /* AudioSessionManager.swift in Sources */,
				0437FC95B49AE89986E06979 /* ContentView.swift in Sources */,
				36FD12831A27479A174E0F3F /* CoverCache.swift in Sources */,
				507A36E4A6F7586AC75CB72E /* HMPApp.swift in Sources */,
				4672E6FE30D6559D195F36FF /* HMPLiveActivityAttributes.swift in Sources */,
				A10636597C760F1012FFF7BE /* HMPMediaSession.swift in Sources */,
				5AE63ACA9D32FCE86DE277E9 /* LiveActivityManager.swift in Sources */,
				7CA4320A3C5CB2E8D45F7B4E /* MusicMetadataParserBridge.swift in Sources */,
				635744FAC435564DD4A72C7B /* MusicPlayerController.swift in Sources */,
				726FC20EBEDB063B8DBAB5B4 /* NowPlayingInfoManager.swift in Sources */,
				EA4D80DBCA2361A7CA911A0C /* PlatformServicesBridge.swift in Sources */,
				3428E250C3E5C00391199D2F /* PlaybackBridge.swift in Sources */,
				4C2C8B0102DA08FC131ED916 /* PlayerEngine.swift in Sources */,
				409F2F3D269A905A213BD4CC /* RemoteCommandManager.swift in Sources */,
			);
			runOnlyForDeploymentPostprocessing = 0;
		};
/* End PBXSourcesBuildPhase section */

/* Begin XCBuildConfiguration section */
		1174DC47464408CF3E1AFDCD /* Release */ = {
			isa = XCBuildConfiguration;
			buildSettings = {
				ALWAYS_SEARCH_USER_PATHS = NO;
				CLANG_ANALYZER_NONNULL = YES;
				CLANG_ANALYZER_NUMBER_OBJECT_CONVERSION = YES_AGGRESSIVE;
				CLANG_CXX_LANGUAGE_STANDARD = "gnu++14";
				CLANG_CXX_LIBRARY = "libc++";
				CLANG_ENABLE_MODULES = YES;
				CLANG_ENABLE_OBJC_ARC = YES;
				CLANG_ENABLE_OBJC_WEAK = YES;
				CLANG_WARN_BLOCK_CAPTURE_AUTORELEASING = YES;
				CLANG_WARN_BOOL_CONVERSION = YES;
				CLANG_WARN_COMMA = YES;
				CLANG_WARN_CONSTANT_CONVERSION = YES;
				CLANG_WARN_DEPRECATED_OBJC_IMPLEMENTATIONS = YES;
				CLANG_WARN_DIRECT_OBJC_ISA_USAGE = YES_ERROR;
				CLANG_WARN_DOCUMENTATION_COMMENTS = YES;
				CLANG_WARN_EMPTY_BODY = YES;
				CLANG_WARN_ENUM_CONVERSION = YES;
				CLANG_WARN_INFINITE_RECURSION = YES;
				CLANG_WARN_INT_CONVERSION = YES;
				CLANG_WARN_NON_LITERAL_NULL_CONVERSION = YES;
				CLANG_WARN_OBJC_IMPLICIT_RETAIN_SELF = YES;
				CLANG_WARN_OBJC_LITERAL_CONVERSION = YES;
				CLANG_WARN_OBJC_ROOT_CLASS = YES_ERROR;
				CLANG_WARN_QUOTED_INCLUDE_IN_FRAMEWORK_HEADER = YES;
				CLANG_WARN_RANGE_LOOP_ANALYSIS = YES;
				CLANG_WARN_STRICT_PROTOTYPES = YES;
				CLANG_WARN_SUSPICIOUS_MOVE = YES;
				CLANG_WARN_UNGUARDED_AVAILABILITY = YES_AGGRESSIVE;
				CLANG_WARN_UNREACHABLE_CODE = YES;
				CLANG_WARN__DUPLICATE_METHOD_MATCH = YES;
				COPY_PHASE_STRIP = NO;
				DEBUG_INFORMATION_FORMAT = "dwarf-with-dsym";
				DEVELOPMENT_TEAM = 6MWD22QB9Z;
				ENABLE_NS_ASSERTIONS = NO;
				ENABLE_STRICT_OBJC_MSGSEND = YES;
				GCC_C_LANGUAGE_STANDARD = gnu11;
				GCC_NO_COMMON_BLOCKS = YES;
				GCC_WARN_64_TO_32_BIT_CONVERSION = YES;
				GCC_WARN_ABOUT_RETURN_TYPE = YES_ERROR;
				GCC_WARN_UNDECLARED_SELECTOR = YES;
				GCC_WARN_UNINITIALIZED_AUTOS = YES_AGGRESSIVE;
				GCC_WARN_UNUSED_FUNCTION = YES;
				GCC_WARN_UNUSED_VARIABLE = YES;
				IPHONEOS_DEPLOYMENT_TARGET = 26.3;
				MTL_ENABLE_DEBUG_INFO = NO;
				MTL_FAST_MATH = YES;
				PRODUCT_NAME = "$(TARGET_NAME)";
				SDKROOT = iphoneos;
				SWIFT_COMPILATION_MODE = wholemodule;
				SWIFT_OPTIMIZATION_LEVEL = "-O";
				SWIFT_VERSION = 5.9;
			};
			name = Release;
		};
		A427C2FE2ADE62371A3E3B11 /* Release */ = {
			isa = XCBuildConfiguration;
			baseConfigurationReference = FFCEC3EE56FE21719380611D /* Pods-HMP.release.xcconfig */;
			buildSettings = {
				ASSETCATALOG_COMPILER_APPICON_NAME = AppIcon;
				CODE_SIGN_IDENTITY = "iPhone Developer";
				CODE_SIGN_STYLE = Automatic;
				CURRENT_PROJECT_VERSION = 1;
				ENABLE_USER_SCRIPT_SANDBOXING = "$(inherited)";
				INFOPLIST_FILE = HMP/Info.plist;
				LD_RUNPATH_SEARCH_PATHS = (
					"$(inherited)",
					"@executable_path/Frameworks",
				);
				MARKETING_VERSION = 7.2.4;
				PRODUCT_BUNDLE_IDENTIFIER = com.hearablemusic.HMP;
				SDKROOT = iphoneos;
				TARGETED_DEVICE_FAMILY = "1,2";
			};
			name = Release;
		};
		C5E4130003EF0BEC5783AD16 /* Debug */ = {
			isa = XCBuildConfiguration;
			baseConfigurationReference = DA9E1D18B52FE674F99EF44F /* Pods-HMP.debug.xcconfig */;
			buildSettings = {
				ASSETCATALOG_COMPILER_APPICON_NAME = AppIcon;
				CODE_SIGN_IDENTITY = "iPhone Developer";
				CODE_SIGN_STYLE = Automatic;
				CURRENT_PROJECT_VERSION = 1;
				ENABLE_USER_SCRIPT_SANDBOXING = "$(inherited)";
				INFOPLIST_FILE = HMP/Info.plist;
				LD_RUNPATH_SEARCH_PATHS = (
					"$(inherited)",
					"@executable_path/Frameworks",
				);
				MARKETING_VERSION = 7.2.4;
				PRODUCT_BUNDLE_IDENTIFIER = com.hearablemusic.HMP;
				SDKROOT = iphoneos;
				TARGETED_DEVICE_FAMILY = "1,2";
			};
			name = Debug;
		};
		D157B349B5FA2F9853A0C0B6 /* Debug */ = {
			isa = XCBuildConfiguration;
			buildSettings = {
				ALWAYS_SEARCH_USER_PATHS = NO;
				CLANG_ANALYZER_NONNULL = YES;
				CLANG_ANALYZER_NUMBER_OBJECT_CONVERSION = YES_AGGRESSIVE;
				CLANG_CXX_LANGUAGE_STANDARD = "gnu++14";
				CLANG_CXX_LIBRARY = "libc++";
				CLANG_ENABLE_MODULES = YES;
				CLANG_ENABLE_OBJC_ARC = YES;
				CLANG_ENABLE_OBJC_WEAK = YES;
				CLANG_WARN_BLOCK_CAPTURE_AUTORELEASING = YES;
				CLANG_WARN_BOOL_CONVERSION = YES;
				CLANG_WARN_COMMA = YES;
				CLANG_WARN_CONSTANT_CONVERSION = YES;
				CLANG_WARN_DEPRECATED_OBJC_IMPLEMENTATIONS = YES;
				CLANG_WARN_DIRECT_OBJC_ISA_USAGE = YES_ERROR;
				CLANG_WARN_DOCUMENTATION_COMMENTS = YES;
				CLANG_WARN_EMPTY_BODY = YES;
				CLANG_WARN_ENUM_CONVERSION = YES;
				CLANG_WARN_INFINITE_RECURSION = YES;
				CLANG_WARN_INT_CONVERSION = YES;
				CLANG_WARN_NON_LITERAL_NULL_CONVERSION = YES;
				CLANG_WARN_OBJC_IMPLICIT_RETAIN_SELF = YES;
				CLANG_WARN_OBJC_LITERAL_CONVERSION = YES;
				CLANG_WARN_OBJC_ROOT_CLASS = YES_ERROR;
				CLANG_WARN_QUOTED_INCLUDE_IN_FRAMEWORK_HEADER = YES;
				CLANG_WARN_RANGE_LOOP_ANALYSIS = YES;
				CLANG_WARN_STRICT_PROTOTYPES = YES;
				CLANG_WARN_SUSPICIOUS_MOVE = YES;
				CLANG_WARN_UNGUARDED_AVAILABILITY = YES_AGGRESSIVE;
				CLANG_WARN_UNREACHABLE_CODE = YES;
				CLANG_WARN__DUPLICATE_METHOD_MATCH = YES;
				COPY_PHASE_STRIP = NO;
				DEBUG_INFORMATION_FORMAT = dwarf;
				DEVELOPMENT_TEAM = 6MWD22QB9Z;
				ENABLE_STRICT_OBJC_MSGSEND = YES;
				ENABLE_TESTABILITY = YES;
				GCC_C_LANGUAGE_STANDARD = gnu11;
				GCC_DYNAMIC_NO_PIC = NO;
				GCC_NO_COMMON_BLOCKS = YES;
				GCC_OPTIMIZATION_LEVEL = 0;
				GCC_PREPROCESSOR_DEFINITIONS = (
					"$(inherited)",
					"DEBUG=1",
				);
				GCC_WARN_64_TO_32_BIT_CONVERSION = YES;
				GCC_WARN_ABOUT_RETURN_TYPE = YES_ERROR;
				GCC_WARN_UNDECLARED_SELECTOR = YES;
				GCC_WARN_UNINITIALIZED_AUTOS = YES_AGGRESSIVE;
				GCC_WARN_UNUSED_FUNCTION = YES;
				GCC_WARN_UNUSED_VARIABLE = YES;
				IPHONEOS_DEPLOYMENT_TARGET = 26.3;
				MTL_ENABLE_DEBUG_INFO = INCLUDE_SOURCE;
				MTL_FAST_MATH = YES;
				ONLY_ACTIVE_ARCH = YES;
				PRODUCT_NAME = "$(TARGET_NAME)";
				SDKROOT = iphoneos;
				SWIFT_ACTIVE_COMPILATION_CONDITIONS = DEBUG;
				SWIFT_OPTIMIZATION_LEVEL = "-Onone";
				SWIFT_VERSION = 5.9;
			};
			name = Debug;
		};
/* End XCBuildConfiguration section */

/* Begin XCConfigurationList section */
		7EFCE9E938F4CE5F70D524D2 /* Build configuration list for PBXProject "HMP" */ = {
			isa = XCConfigurationList;
			buildConfigurations = (
				D157B349B5FA2F9853A0C0B6 /* Debug */,
				1174DC47464408CF3E1AFDCD /* Release */,
			);
			defaultConfigurationIsVisible = 0;
			defaultConfigurationName = Debug;
		};
		DC0812BB2293095F16A73D13 /* Build configuration list for PBXNativeTarget "HMP" */ = {
			isa = XCConfigurationList;
			buildConfigurations = (
				C5E4130003EF0BEC5783AD16 /* Debug */,
				A427C2FE2ADE62371A3E3B11 /* Release */,
			);
			defaultConfigurationIsVisible = 0;
			defaultConfigurationName = Debug;
		};
/* End XCConfigurationList section */
	};
	rootObject = 26B58AE86EB27CAE44F07D51 /* Project object */;
}
