// !$*UTF8*$!
{
	archiveVersion = 1;
	classes = {
	};
	objectVersion = 77;
	objects = {

/* Begin PBXBuildFile section */
		0437FC95B49AE89986E06979 /* ContentView.swift in Sources */ = {isa = PBXBuildFile; fileRef = FD877C5D86A59246E799E1F3 /* ContentView.swift */; };
		0936310951680531729D3EC4 /* TypographyTokens.swift in Sources */ = {isa = PBXBuildFile; fileRef = 72E0712F315989958B78A617 /* TypographyTokens.swift */; };
		0E98367C96FF319AEFFD2AED /* UiState.swift in Sources */ = {isa = PBXBuildFile; fileRef = 66897CDA12377607043C3D2A /* UiState.swift */; };
		116FA9AEC282B5FEAC89D364 /* MusicDetailDialog.swift in Sources */ = {isa = PBXBuildFile; fileRef = 78D5E72DA6C0EF2ED2A25585 /* MusicDetailDialog.swift */; };
		16E6E4A94F0C88BBC12E6398 /* SongListView.swift in Sources */ = {isa = PBXBuildFile; fileRef = F3258FBA46251237F9A0A0E1 /* SongListView.swift */; };
		1F4AE2DC3CF74FB5CF8A3314 /* NowPlayingManager.swift in Sources */ = {isa = PBXBuildFile; fileRef = 6DAE1FD8029C00978C23CEB3 /* NowPlayingManager.swift */; };
		21789A002CABD504171A6715 /* SubScreen.swift in Sources */ = {isa = PBXBuildFile; fileRef = E87A96BFF541BE232ED6BCEA /* SubScreen.swift */; };
		30A18D29EBBBCE11AC6B41C9 /* CustomScreen.swift in Sources */ = {isa = PBXBuildFile; fileRef = 43120B583B8CDC70E8CA28B7 /* CustomScreen.swift */; };
		35D1DFBCDFF5912916A2D187 /* TabScreen.swift in Sources */ = {isa = PBXBuildFile; fileRef = ABF65C5E3B67C674D84F023A /* TabScreen.swift */; };
		3EA9EFC03425C8405254A923 /* HapticManager.swift in Sources */ = {isa = PBXBuildFile; fileRef = 3F1687CA362744EB5052AB3D /* HapticManager.swift */; };
		419F26C8C8303C80EDF7EDB3 /* MainTabView.swift in Sources */ = {isa = PBXBuildFile; fileRef = 29302DEF60D3E4E75B44152B /* MainTabView.swift */; };
		43365FC5C55AEDE25F1BEB07 /* HMPRoutes.swift in Sources */ = {isa = PBXBuildFile; fileRef = 05CD1B2945089B08AB00FFE5 /* HMPRoutes.swift */; };
		4A8E655A342716D81B6F639F /* AlbumCover.swift in Sources */ = {isa = PBXBuildFile; fileRef = AC9B64B22C19A1244E1CDEB0 /* AlbumCover.swift */; };
		4FE95B01458D12B5BB4810DF /* MiniPlayerBar.swift in Sources */ = {isa = PBXBuildFile; fileRef = 1E738EF68AA819D31C0A4252 /* MiniPlayerBar.swift */; };
		507A36E4A6F7586AC75CB72E /* HMPApp.swift in Sources */ = {isa = PBXBuildFile; fileRef = 2E2EC68F4F285D9130641138 /* HMPApp.swift */; };
		6EDF0F7ED646219A2130448A /* LyricsScreen.swift in Sources */ = {isa = PBXBuildFile; fileRef = AB3C53A757858B68B97A7D11 /* LyricsScreen.swift */; };
		72CCBE32283C6E521DE4947D /* PlaylistManageScreen.swift in Sources */ = {isa = PBXBuildFile; fileRef = D338F201F8BF228EBBBD528B /* PlaylistManageScreen.swift */; };
		734CE123F065BD63D5CB4DD1 /* AudioSessionManager.swift in Sources */ = {isa = PBXBuildFile; fileRef = C6F74741FB48414D3DC7201A /* AudioSessionManager.swift */; };
		78356A450C57F8271D33EBEF /* SearchScreen.swift in Sources */ = {isa = PBXBuildFile; fileRef = 222E928C7F700A5E510D2699 /* SearchScreen.swift */; };
		798F8286A930F4F57F74F8F0 /* ListScreen.swift in Sources */ = {isa = PBXBuildFile; fileRef = 710FBA1E934F47650E00711F /* ListScreen.swift */; };
		7DEAFE10FAA75B84D1B43F8A /* HomeScreen.swift in Sources */ = {isa = PBXBuildFile; fileRef = 8C664BEDE2571D48BD88D3FD /* HomeScreen.swift */; };
		859A160103C810876D675882 /* AppDelegate.swift in Sources */ = {isa = PBXBuildFile; fileRef = 8183BDAC3B63AE695B69F415 /* AppDelegate.swift */; };
		867606964E08891B2E4ADE70 /* TitleWidget.swift in Sources */ = {isa = PBXBuildFile; fileRef = 11E25B5DA422A1ACE61FF5E2 /* TitleWidget.swift */; };
		8C76B4369D5D6ED2EE679194 /* AnimationTokens.swift in Sources */ = {isa = PBXBuildFile; fileRef = F0DC78ADE04AD07FDF948593 /* AnimationTokens.swift */; };
		8D003CC67A4137BC930B19B4 /* PlaylistScreen.swift in Sources */ = {isa = PBXBuildFile; fileRef = 17B73EEC703836DD6C406521 /* PlaylistScreen.swift */; };
		8D16A170F61A30516756396D /* PlayerService.swift in Sources */ = {isa = PBXBuildFile; fileRef = 0C3D63FC0A915908CADD57A4 /* PlayerService.swift */; };
		90489AC969506CCFE7692F8D /* Pods_HMP.framework in Frameworks */ = {isa = PBXBuildFile; fileRef = 4969BBA6A92113D8C4406F15 /* Pods_HMP.framework */; };
		92ABD7B0492DE78123B6D853 /* PlayerScreen.swift in Sources */ = {isa = PBXBuildFile; fileRef = F1999AA1B34D0CE8DD7CFA89 /* PlayerScreen.swift */; };
		95FE4343B61BCA0341115E3A /* HMPTheme.swift in Sources */ = {isa = PBXBuildFile; fileRef = 37CD87C98CD9C999942C6F91 /* HMPTheme.swift */; };
		975F6E924DCEE44566E20B29 /* ColorTokens.swift in Sources */ = {isa = PBXBuildFile; fileRef = 58574B1C13D47C86C44FA5D9 /* ColorTokens.swift */; };
		9E9BCFBE127FB3D8512909C3 /* AudioEffectsScreen.swift in Sources */ = {isa = PBXBuildFile; fileRef = 3DAA8F44A84489F707691D0F /* AudioEffectsScreen.swift */; };
		AD4CDAFE8DAFBAA316778B5B /* UserScreen.swift in Sources */ = {isa = PBXBuildFile; fileRef = 08FB178456F1E7B5190B8FBB /* UserScreen.swift */; };
		B7D5A5A418EACCD08183BA37 /* TimerDialog.swift in Sources */ = {isa = PBXBuildFile; fileRef = B07A202F53E4069BB6E20B25 /* TimerDialog.swift */; };
		C5F531DD999B7D9C9FB1DF8C /* Assets.xcassets in Resources */ = {isa = PBXBuildFile; fileRef = 97BC568F3165ECF45FB47D85 /* Assets.xcassets */; };
		CEB8625DDE4DE31BB53CEDCC /* Avatar.swift in Sources */ = {isa = PBXBuildFile; fileRef = B9145BF7B69A57578F35E9AE /* Avatar.swift */; };
		D926F2111BFE4EC83F451368 /* MusicLibraryService.swift in Sources */ = {isa = PBXBuildFile; fileRef = EB83A55B0D29359916BF343F /* MusicLibraryService.swift */; };
		E1A7037B6DB33A8DA4410A6A /* GalleryScreen.swift in Sources */ = {isa = PBXBuildFile; fileRef = D478BB76156BEEF3F4333C9A /* GalleryScreen.swift */; };
		E1CF16ECF57C55C6BBEA0A90 /* Capsule.swift in Sources */ = {isa = PBXBuildFile; fileRef = 62D286B16589AE1E8D160E53 /* Capsule.swift */; };
		E42917672E557D5B5F686812 /* MusicScannerService.swift in Sources */ = {isa = PBXBuildFile; fileRef = 569234C13411576F4321B23E /* MusicScannerService.swift */; };
		E958BA21106D520DDA8F081B /* HMPDialogs.swift in Sources */ = {isa = PBXBuildFile; fileRef = B0D18CA0CF5D1BB9BEDD9230 /* HMPDialogs.swift */; };
		F38DDD5B95065C5E815B3194 /* CreatePlaylistDialog.swift in Sources */ = {isa = PBXBuildFile; fileRef = D2E22CDCA35355655CAAFDC0 /* CreatePlaylistDialog.swift */; };
/* End PBXBuildFile section */

/* Begin PBXFileReference section */
		05CD1B2945089B08AB00FFE5 /* HMPRoutes.swift */ = {isa = PBXFileReference; lastKnownFileType = sourcecode.swift; path = HMPRoutes.swift; sourceTree = "<group>"; };
		08FB178456F1E7B5190B8FBB /* UserScreen.swift */ = {isa = PBXFileReference; lastKnownFileType = sourcecode.swift; path = UserScreen.swift; sourceTree = "<group>"; };
		0C3D63FC0A915908CADD57A4 /* PlayerService.swift */ = {isa = PBXFileReference; lastKnownFileType = sourcecode.swift; path = PlayerService.swift; sourceTree = "<group>"; };
		11E25B5DA422A1ACE61FF5E2 /* TitleWidget.swift */ = {isa = PBXFileReference; lastKnownFileType = sourcecode.swift; path = TitleWidget.swift; sourceTree = "<group>"; };
		17B73EEC703836DD6C406521 /* PlaylistScreen.swift */ = {isa = PBXFileReference; lastKnownFileType = sourcecode.swift; path = PlaylistScreen.swift; sourceTree = "<group>"; };
		1E738EF68AA819D31C0A4252 /* MiniPlayerBar.swift */ = {isa = PBXFileReference; lastKnownFileType = sourcecode.swift; path = MiniPlayerBar.swift; sourceTree = "<group>"; };
		222E928C7F700A5E510D2699 /* SearchScreen.swift */ = {isa = PBXFileReference; lastKnownFileType = sourcecode.swift; path = SearchScreen.swift; sourceTree = "<group>"; };
		29302DEF60D3E4E75B44152B /* MainTabView.swift */ = {isa = PBXFileReference; lastKnownFileType = sourcecode.swift; path = MainTabView.swift; sourceTree = "<group>"; };
		2E2EC68F4F285D9130641138 /* HMPApp.swift */ = {isa = PBXFileReference; lastKnownFileType = sourcecode.swift; path = HMPApp.swift; sourceTree = "<group>"; };
		37CD87C98CD9C999942C6F91 /* HMPTheme.swift */ = {isa = PBXFileReference; lastKnownFileType = sourcecode.swift; path = HMPTheme.swift; sourceTree = "<group>"; };
		3DAA8F44A84489F707691D0F /* AudioEffectsScreen.swift */ = {isa = PBXFileReference; lastKnownFileType = sourcecode.swift; path = AudioEffectsScreen.swift; sourceTree = "<group>"; };
		3F1687CA362744EB5052AB3D /* HapticManager.swift */ = {isa = PBXFileReference; lastKnownFileType = sourcecode.swift; path = HapticManager.swift; sourceTree = "<group>"; };
		43120B583B8CDC70E8CA28B7 /* CustomScreen.swift */ = {isa = PBXFileReference; lastKnownFileType = sourcecode.swift; path = CustomScreen.swift; sourceTree = "<group>"; };
		4969BBA6A92113D8C4406F15 /* Pods_HMP.framework */ = {isa = PBXFileReference; explicitFileType = wrapper.framework; includeInIndex = 0; path = Pods_HMP.framework; sourceTree = BUILT_PRODUCTS_DIR; };
		569234C13411576F4321B23E /* MusicScannerService.swift */ = {isa = PBXFileReference; lastKnownFileType = sourcecode.swift; path = MusicScannerService.swift; sourceTree = "<group>"; };
		58574B1C13D47C86C44FA5D9 /* ColorTokens.swift */ = {isa = PBXFileReference; lastKnownFileType = sourcecode.swift; path = ColorTokens.swift; sourceTree = "<group>"; };
		62D286B16589AE1E8D160E53 /* Capsule.swift */ = {isa = PBXFileReference; lastKnownFileType = sourcecode.swift; path = Capsule.swift; sourceTree = "<group>"; };
		66897CDA12377607043C3D2A /* UiState.swift */ = {isa = PBXFileReference; lastKnownFileType = sourcecode.swift; path = UiState.swift; sourceTree = "<group>"; };
		6902C0777E7E8890A43AA0E1 /* Info.plist */ = {isa = PBXFileReference; lastKnownFileType = text.plist; path = Info.plist; sourceTree = "<group>"; };
		6DAE1FD8029C00978C23CEB3 /* NowPlayingManager.swift */ = {isa = PBXFileReference; lastKnownFileType = sourcecode.swift; path = NowPlayingManager.swift; sourceTree = "<group>"; };
		710FBA1E934F47650E00711F /* ListScreen.swift */ = {isa = PBXFileReference; lastKnownFileType = sourcecode.swift; path = ListScreen.swift; sourceTree = "<group>"; };
		72E0712F315989958B78A617 /* TypographyTokens.swift */ = {isa = PBXFileReference; lastKnownFileType = sourcecode.swift; path = TypographyTokens.swift; sourceTree = "<group>"; };
		78D5E72DA6C0EF2ED2A25585 /* MusicDetailDialog.swift */ = {isa = PBXFileReference; lastKnownFileType = sourcecode.swift; path = MusicDetailDialog.swift; sourceTree = "<group>"; };
		8183BDAC3B63AE695B69F415 /* AppDelegate.swift */ = {isa = PBXFileReference; lastKnownFileType = sourcecode.swift; path = AppDelegate.swift; sourceTree = "<group>"; };
		8C664BEDE2571D48BD88D3FD /* HomeScreen.swift */ = {isa = PBXFileReference; lastKnownFileType = sourcecode.swift; path = HomeScreen.swift; sourceTree = "<group>"; };
		97BC568F3165ECF45FB47D85 /* Assets.xcassets */ = {isa = PBXFileReference; lastKnownFileType = folder.assetcatalog; path = Assets.xcassets; sourceTree = "<group>"; };
		A5E008619BA7E6968A61EA9F /* Pods-HMP.debug.xcconfig */ = {isa = PBXFileReference; includeInIndex = 1; lastKnownFileType = text.xcconfig; name = "Pods-HMP.debug.xcconfig"; path = "Target Support Files/Pods-HMP/Pods-HMP.debug.xcconfig"; sourceTree = "<group>"; };
		AA47FDE4EB7A45BCE1171D1D /* Pods-HMP.release.xcconfig */ = {isa = PBXFileReference; includeInIndex = 1; lastKnownFileType = text.xcconfig; name = "Pods-HMP.release.xcconfig"; path = "Target Support Files/Pods-HMP/Pods-HMP.release.xcconfig"; sourceTree = "<group>"; };
		AB3C53A757858B68B97A7D11 /* LyricsScreen.swift */ = {isa = PBXFileReference; lastKnownFileType = sourcecode.swift; path = LyricsScreen.swift; sourceTree = "<group>"; };
		ABF65C5E3B67C674D84F023A /* TabScreen.swift */ = {isa = PBXFileReference; lastKnownFileType = sourcecode.swift; path = TabScreen.swift; sourceTree = "<group>"; };
		AC9B64B22C19A1244E1CDEB0 /* AlbumCover.swift */ = {isa = PBXFileReference; lastKnownFileType = sourcecode.swift; path = AlbumCover.swift; sourceTree = "<group>"; };
		B07A202F53E4069BB6E20B25 /* TimerDialog.swift */ = {isa = PBXFileReference; lastKnownFileType = sourcecode.swift; path = TimerDialog.swift; sourceTree = "<group>"; };
		B0D18CA0CF5D1BB9BEDD9230 /* HMPDialogs.swift */ = {isa = PBXFileReference; lastKnownFileType = sourcecode.swift; path = HMPDialogs.swift; sourceTree = "<group>"; };
		B9145BF7B69A57578F35E9AE /* Avatar.swift */ = {isa = PBXFileReference; lastKnownFileType = sourcecode.swift; path = Avatar.swift; sourceTree = "<group>"; };
		C6F74741FB48414D3DC7201A /* AudioSessionManager.swift */ = {isa = PBXFileReference; lastKnownFileType = sourcecode.swift; path = AudioSessionManager.swift; sourceTree = "<group>"; };
		D2E22CDCA35355655CAAFDC0 /* CreatePlaylistDialog.swift */ = {isa = PBXFileReference; lastKnownFileType = sourcecode.swift; path = CreatePlaylistDialog.swift; sourceTree = "<group>"; };
		D338F201F8BF228EBBBD528B /* PlaylistManageScreen.swift */ = {isa = PBXFileReference; lastKnownFileType = sourcecode.swift; path = PlaylistManageScreen.swift; sourceTree = "<group>"; };
		D478BB76156BEEF3F4333C9A /* GalleryScreen.swift */ = {isa = PBXFileReference; lastKnownFileType = sourcecode.swift; path = GalleryScreen.swift; sourceTree = "<group>"; };
		DFA63CB64A00B237D5381E4E /* HMP.app */ = {isa = PBXFileReference; includeInIndex = 0; lastKnownFileType = wrapper.application; path = HMP.app; sourceTree = BUILT_PRODUCTS_DIR; };
		E87A96BFF541BE232ED6BCEA /* SubScreen.swift */ = {isa = PBXFileReference; lastKnownFileType = sourcecode.swift; path = SubScreen.swift; sourceTree = "<group>"; };
		EB83A55B0D29359916BF343F /* MusicLibraryService.swift */ = {isa = PBXFileReference; lastKnownFileType = sourcecode.swift; path = MusicLibraryService.swift; sourceTree = "<group>"; };
		F0DC78ADE04AD07FDF948593 /* AnimationTokens.swift */ = {isa = PBXFileReference; lastKnownFileType = sourcecode.swift; path = AnimationTokens.swift; sourceTree = "<group>"; };
		F1999AA1B34D0CE8DD7CFA89 /* PlayerScreen.swift */ = {isa = PBXFileReference; lastKnownFileType = sourcecode.swift; path = PlayerScreen.swift; sourceTree = "<group>"; };
		F3258FBA46251237F9A0A0E1 /* SongListView.swift */ = {isa = PBXFileReference; lastKnownFileType = sourcecode.swift; path = SongListView.swift; sourceTree = "<group>"; };
		FD877C5D86A59246E799E1F3 /* ContentView.swift */ = {isa = PBXFileReference; lastKnownFileType = sourcecode.swift; path = ContentView.swift; sourceTree = "<group>"; };
/* End PBXFileReference section */

/* Begin PBXFrameworksBuildPhase section */
		A54B8EA2214526C7B52DACF7 /* Frameworks */ = {
			isa = PBXFrameworksBuildPhase;
			buildActionMask = 2147483647;
			files = (
				90489AC969506CCFE7692F8D /* Pods_HMP.framework in Frameworks */,
			);
			runOnlyForDeploymentPostprocessing = 0;
		};
/* End PBXFrameworksBuildPhase section */

/* Begin PBXGroup section */
		1B120DC665164689DFE8E432 /* Navigation */ = {
			isa = PBXGroup;
			children = (
				05CD1B2945089B08AB00FFE5 /* HMPRoutes.swift */,
				29302DEF60D3E4E75B44152B /* MainTabView.swift */,
			);
			path = Navigation;
			sourceTree = "<group>";
		};
		2EC34E592A8C063A2B8C4074 /* Common */ = {
			isa = PBXGroup;
			children = (
				DF55F1E165846C0F1042AFE8 /* Components */,
				94E5D0557F69C0D419E74E0D /* Design */,
				3CB1DE99883489B7AB9A7B60 /* Dialogs */,
				1B120DC665164689DFE8E432 /* Navigation */,
				5E4F900BBD0EBCA536A3DC0C /* Util */,
			);
			path = Common;
			sourceTree = "<group>";
		};
		3CB1DE99883489B7AB9A7B60 /* Dialogs */ = {
			isa = PBXGroup;
			children = (
				D2E22CDCA35355655CAAFDC0 /* CreatePlaylistDialog.swift */,
				B0D18CA0CF5D1BB9BEDD9230 /* HMPDialogs.swift */,
				78D5E72DA6C0EF2ED2A25585 /* MusicDetailDialog.swift */,
				B07A202F53E4069BB6E20B25 /* TimerDialog.swift */,
			);
			path = Dialogs;
			sourceTree = "<group>";
		};
		4EB184172C509817E20274B3 /* Pods */ = {
			isa = PBXGroup;
			children = (
				A5E008619BA7E6968A61EA9F /* Pods-HMP.debug.xcconfig */,
				AA47FDE4EB7A45BCE1171D1D /* Pods-HMP.release.xcconfig */,
			);
			name = Pods;
			path = ../Pods;
			sourceTree = "<group>";
		};
		5B7FA5F889E26E67103EB3AF /* Products */ = {
			isa = PBXGroup;
			children = (
				DFA63CB64A00B237D5381E4E /* HMP.app */,
			);
			name = Products;
			sourceTree = "<group>";
		};
		5E4F900BBD0EBCA536A3DC0C /* Util */ = {
			isa = PBXGroup;
			children = (
				3F1687CA362744EB5052AB3D /* HapticManager.swift */,
				66897CDA12377607043C3D2A /* UiState.swift */,
			);
			path = Util;
			sourceTree = "<group>";
		};
		62B87345FAEFDD41C87F6414 /* Playlist */ = {
			isa = PBXGroup;
			children = (
				D338F201F8BF228EBBBD528B /* PlaylistManageScreen.swift */,
				17B73EEC703836DD6C406521 /* PlaylistScreen.swift */,
			);
			path = Playlist;
			sourceTree = "<group>";
		};
		8B64107E0ACAF489DAA00187 /* Settings */ = {
			isa = PBXGroup;
			children = (
				3DAA8F44A84489F707691D0F /* AudioEffectsScreen.swift */,
				43120B583B8CDC70E8CA28B7 /* CustomScreen.swift */,
				08FB178456F1E7B5190B8FBB /* UserScreen.swift */,
			);
			path = Settings;
			sourceTree = "<group>";
		};
		9446DE09162CFFA65A80724F /* HMP */ = {
			isa = PBXGroup;
			children = (
				8183BDAC3B63AE695B69F415 /* AppDelegate.swift */,
				97BC568F3165ECF45FB47D85 /* Assets.xcassets */,
				FD877C5D86A59246E799E1F3 /* ContentView.swift */,
				2E2EC68F4F285D9130641138 /* HMPApp.swift */,
				6902C0777E7E8890A43AA0E1 /* Info.plist */,
				C00366BDFFB5E33AB5E217C4 /* Features */,
			);
			path = HMP;
			sourceTree = "<group>";
		};
		94E5D0557F69C0D419E74E0D /* Design */ = {
			isa = PBXGroup;
			children = (
				F0DC78ADE04AD07FDF948593 /* AnimationTokens.swift */,
				58574B1C13D47C86C44FA5D9 /* ColorTokens.swift */,
				37CD87C98CD9C999942C6F91 /* HMPTheme.swift */,
				72E0712F315989958B78A617 /* TypographyTokens.swift */,
			);
			path = Design;
			sourceTree = "<group>";
		};
		9A2ACED4F0969DAB96CAE78A /* Frameworks */ = {
			isa = PBXGroup;
			children = (
				4969BBA6A92113D8C4406F15 /* Pods_HMP.framework */,
			);
			name = Frameworks;
			sourceTree = "<group>";
		};
		AF62F8F6CE11B13038766809 /* Base */ = {
			isa = PBXGroup;
			children = (
				E87A96BFF541BE232ED6BCEA /* SubScreen.swift */,
				ABF65C5E3B67C674D84F023A /* TabScreen.swift */,
			);
			path = Base;
			sourceTree = "<group>";
		};
		B2BE45F939F2A60052838BBA = {
			isa = PBXGroup;
			children = (
				9446DE09162CFFA65A80724F /* HMP */,
				5B7FA5F889E26E67103EB3AF /* Products */,
				4EB184172C509817E20274B3 /* Pods */,
				9A2ACED4F0969DAB96CAE78A /* Frameworks */,
			);
			sourceTree = "<group>";
		};
		C00366BDFFB5E33AB5E217C4 /* Features */ = {
			isa = PBXGroup;
			children = (
				2EC34E592A8C063A2B8C4074 /* Common */,
				E14DE439C560EFA15BDB50DA /* Library */,
				FF66A5FDA2733F8DC91AE674 /* Player */,
				62B87345FAEFDD41C87F6414 /* Playlist */,
				8B64107E0ACAF489DAA00187 /* Settings */,
			);
			path = Features;
			sourceTree = "<group>";
		};
		DF55F1E165846C0F1042AFE8 /* Components */ = {
			isa = PBXGroup;
			children = (
				AC9B64B22C19A1244E1CDEB0 /* AlbumCover.swift */,
				B9145BF7B69A57578F35E9AE /* Avatar.swift */,
				62D286B16589AE1E8D160E53 /* Capsule.swift */,
				1E738EF68AA819D31C0A4252 /* MiniPlayerBar.swift */,
				11E25B5DA422A1ACE61FF5E2 /* TitleWidget.swift */,
				AF62F8F6CE11B13038766809 /* Base */,
			);
			path = Components;
			sourceTree = "<group>";
		};
		E14DE439C560EFA15BDB50DA /* Library */ = {
			isa = PBXGroup;
			children = (
				D478BB76156BEEF3F4333C9A /* GalleryScreen.swift */,
				8C664BEDE2571D48BD88D3FD /* HomeScreen.swift */,
				710FBA1E934F47650E00711F /* ListScreen.swift */,
				EB83A55B0D29359916BF343F /* MusicLibraryService.swift */,
				569234C13411576F4321B23E /* MusicScannerService.swift */,
				222E928C7F700A5E510D2699 /* SearchScreen.swift */,
				F3258FBA46251237F9A0A0E1 /* SongListView.swift */,
			);
			path = Library;
			sourceTree = "<group>";
		};
		FF66A5FDA2733F8DC91AE674 /* Player */ = {
			isa = PBXGroup;
			children = (
				C6F74741FB48414D3DC7201A /* AudioSessionManager.swift */,
				AB3C53A757858B68B97A7D11 /* LyricsScreen.swift */,
				6DAE1FD8029C00978C23CEB3 /* NowPlayingManager.swift */,
				F1999AA1B34D0CE8DD7CFA89 /* PlayerScreen.swift */,
				0C3D63FC0A915908CADD57A4 /* PlayerService.swift */,
			);
			path = Player;
			sourceTree = "<group>";
		};
/* End PBXGroup section */

/* Begin PBXNativeTarget section */
		05692728EC8A76103B31FA7B /* HMP */ = {
			isa = PBXNativeTarget;
			buildConfigurationList = DC0812BB2293095F16A73D13 /* Build configuration list for PBXNativeTarget "HMP" */;
			buildPhases = (
				626596A9ADFB86388E5026EF /* [CP] Check Pods Manifest.lock */,
				DCE5C8BA6DBC2EA1B7510DD3 /* Sources */,
				E434ED0C7A2D72CE960C3C18 /* Resources */,
				A54B8EA2214526C7B52DACF7 /* Frameworks */,
			);
			buildRules = (
			);
			dependencies = (
			);
			name = HMP;
			productName = HMP;
			productReference = DFA63CB64A00B237D5381E4E /* HMP.app */;
			productType = "com.apple.product-type.application";
		};
/* End PBXNativeTarget section */

/* Begin PBXProject section */
		26B58AE86EB27CAE44F07D51 /* Project object */ = {
			isa = PBXProject;
			attributes = {
				BuildIndependentTargetsInParallel = YES;
				LastUpgradeCheck = 1600;
				TargetAttributes = {
					05692728EC8A76103B31FA7B = {
						DevelopmentTeam = "";
						ProvisioningStyle = Automatic;
					};
				};
			};
			buildConfigurationList = 7EFCE9E938F4CE5F70D524D2 /* Build configuration list for PBXProject "HMP" */;
			developmentRegion = en;
			hasScannedForEncodings = 0;
			knownRegions = (
				Base,
				en,
			);
			mainGroup = B2BE45F939F2A60052838BBA;
			minimizedProjectReferenceProxies = 1;
			preferredProjectObjectVersion = 77;
			productRefGroup = 5B7FA5F889E26E67103EB3AF /* Products */;
			projectDirPath = "";
			projectRoot = "";
			targets = (
				05692728EC8A76103B31FA7B /* HMP */,
			);
		};
/* End PBXProject section */

/* Begin PBXResourcesBuildPhase section */
		E434ED0C7A2D72CE960C3C18 /* Resources */ = {
			isa = PBXResourcesBuildPhase;
			buildActionMask = 2147483647;
			files = (
				C5F531DD999B7D9C9FB1DF8C /* Assets.xcassets in Resources */,
			);
			runOnlyForDeploymentPostprocessing = 0;
		};
/* End PBXResourcesBuildPhase section */

/* Begin PBXShellScriptBuildPhase section */
		626596A9ADFB86388E5026EF /* [CP] Check Pods Manifest.lock */ = {
			isa = PBXShellScriptBuildPhase;
			buildActionMask = 2147483647;
			files = (
			);
			inputFileListPaths = (
			);
			inputPaths = (
				"${PODS_PODFILE_DIR_PATH}/Podfile.lock",
				"${PODS_ROOT}/Manifest.lock",
			);
			name = "[CP] Check Pods Manifest.lock";
			outputFileListPaths = (
			);
			outputPaths = (
				"$(DERIVED_FILE_DIR)/Pods-HMP-checkManifestLockResult.txt",
			);
			runOnlyForDeploymentPostprocessing = 0;
			shellPath = /bin/sh;
			shellScript = "diff \"${PODS_PODFILE_DIR_PATH}/Podfile.lock\" \"${PODS_ROOT}/Manifest.lock\" > /dev/null\nif [ $? != 0 ] ; then\n    # print error to STDERR\n    echo \"error: The sandbox is not in sync with the Podfile.lock. Run 'pod install' or update your CocoaPods installation.\" >&2\n    exit 1\nfi\n# This output is used by Xcode 'outputs' to avoid re-running this script phase.\necho \"SUCCESS\" > \"${SCRIPT_OUTPUT_FILE_0}\"\n";
			showEnvVarsInLog = 0;
		};
/* End PBXShellScriptBuildPhase section */

/* Begin PBXSourcesBuildPhase section */
		DCE5C8BA6DBC2EA1B7510DD3 /* Sources */ = {
			isa = PBXSourcesBuildPhase;
			buildActionMask = 2147483647;
			files = (
				4A8E655A342716D81B6F639F /* AlbumCover.swift in Sources */,
				8C76B4369D5D6ED2EE679194 /* AnimationTokens.swift in Sources */,
				859A160103C810876D675882 /* AppDelegate.swift in Sources */,
				9E9BCFBE127FB3D8512909C3 /* AudioEffectsScreen.swift in Sources */,
				734CE123F065BD63D5CB4DD1 /* AudioSessionManager.swift in Sources */,
				CEB8625DDE4DE31BB53CEDCC /* Avatar.swift in Sources */,
				E1CF16ECF57C55C6BBEA0A90 /* Capsule.swift in Sources */,
				975F6E924DCEE44566E20B29 /* ColorTokens.swift in Sources */,
				0437FC95B49AE89986E06979 /* ContentView.swift in Sources */,
				F38DDD5B95065C5E815B3194 /* CreatePlaylistDialog.swift in Sources */,
				30A18D29EBBBCE11AC6B41C9 /* CustomScreen.swift in Sources */,
				E1A7037B6DB33A8DA4410A6A /* GalleryScreen.swift in Sources */,
				507A36E4A6F7586AC75CB72E /* HMPApp.swift in Sources */,
				E958BA21106D520DDA8F081B /* HMPDialogs.swift in Sources */,
				43365FC5C55AEDE25F1BEB07 /* HMPRoutes.swift in Sources */,
				95FE4343B61BCA0341115E3A /* HMPTheme.swift in Sources */,
				3EA9EFC03425C8405254A923 /* HapticManager.swift in Sources */,
				7DEAFE10FAA75B84D1B43F8A /* HomeScreen.swift in Sources */,
				798F8286A930F4F57F74F8F0 /* ListScreen.swift in Sources */,
				6EDF0F7ED646219A2130448A /* LyricsScreen.swift in Sources */,
				419F26C8C8303C80EDF7EDB3 /* MainTabView.swift in Sources */,
				4FE95B01458D12B5BB4810DF /* MiniPlayerBar.swift in Sources */,
				116FA9AEC282B5FEAC89D364 /* MusicDetailDialog.swift in Sources */,
				D926F2111BFE4EC83F451368 /* MusicLibraryService.swift in Sources */,
				E42917672E557D5B5F686812 /* MusicScannerService.swift in Sources */,
				1F4AE2DC3CF74FB5CF8A3314 /* NowPlayingManager.swift in Sources */,
				92ABD7B0492DE78123B6D853 /* PlayerScreen.swift in Sources */,
				8D16A170F61A30516756396D /* PlayerService.swift in Sources */,
				72CCBE32283C6E521DE4947D /* PlaylistManageScreen.swift in Sources */,
				8D003CC67A4137BC930B19B4 /* PlaylistScreen.swift in Sources */,
				78356A450C57F8271D33EBEF /* SearchScreen.swift in Sources */,
				16E6E4A94F0C88BBC12E6398 /* SongListView.swift in Sources */,
				21789A002CABD504171A6715 /* SubScreen.swift in Sources */,
				35D1DFBCDFF5912916A2D187 /* TabScreen.swift in Sources */,
				B7D5A5A418EACCD08183BA37 /* TimerDialog.swift in Sources */,
				867606964E08891B2E4ADE70 /* TitleWidget.swift in Sources */,
				0936310951680531729D3EC4 /* TypographyTokens.swift in Sources */,
				0E98367C96FF319AEFFD2AED /* UiState.swift in Sources */,
				AD4CDAFE8DAFBAA316778B5B /* UserScreen.swift in Sources */,
			);
			runOnlyForDeploymentPostprocessing = 0;
		};
/* End PBXSourcesBuildPhase section */

/* Begin XCBuildConfiguration section */
		1174DC47464408CF3E1AFDCD /* Release */ = {
			isa = XCBuildConfiguration;
			buildSettings = {
				ALWAYS_SEARCH_USER_PATHS = NO;
				CLANG_ANALYZER_NONNULL = YES;
				CLANG_ANALYZER_NUMBER_OBJECT_CONVERSION = YES_AGGRESSIVE;
				CLANG_CXX_LANGUAGE_STANDARD = "gnu++14";
				CLANG_CXX_LIBRARY = "libc++";
				CLANG_ENABLE_MODULES = YES;
				CLANG_ENABLE_OBJC_ARC = YES;
				CLANG_ENABLE_OBJC_WEAK = YES;
				CLANG_WARN_BLOCK_CAPTURE_AUTORELEASING = YES;
				CLANG_WARN_BOOL_CONVERSION = YES;
				CLANG_WARN_COMMA = YES;
				CLANG_WARN_CONSTANT_CONVERSION = YES;
				CLANG_WARN_DEPRECATED_OBJC_IMPLEMENTATIONS = YES;
				CLANG_WARN_DIRECT_OBJC_ISA_USAGE = YES_ERROR;
				CLANG_WARN_DOCUMENTATION_COMMENTS = YES;
				CLANG_WARN_EMPTY_BODY = YES;
				CLANG_WARN_ENUM_CONVERSION = YES;
				CLANG_WARN_INFINITE_RECURSION = YES;
				CLANG_WARN_INT_CONVERSION = YES;
				CLANG_WARN_NON_LITERAL_NULL_CONVERSION = YES;
				CLANG_WARN_OBJC_IMPLICIT_RETAIN_SELF = YES;
				CLANG_WARN_OBJC_LITERAL_CONVERSION = YES;
				CLANG_WARN_OBJC_ROOT_CLASS = YES_ERROR;
				CLANG_WARN_QUOTED_INCLUDE_IN_FRAMEWORK_HEADER = YES;
				CLANG_WARN_RANGE_LOOP_ANALYSIS = YES;
				CLANG_WARN_STRICT_PROTOTYPES = YES;
				CLANG_WARN_SUSPICIOUS_MOVE = YES;
				CLANG_WARN_UNGUARDED_AVAILABILITY = YES_AGGRESSIVE;
				CLANG_WARN_UNREACHABLE_CODE = YES;
				CLANG_WARN__DUPLICATE_METHOD_MATCH = YES;
				COPY_PHASE_STRIP = NO;
				DEBUG_INFORMATION_FORMAT = "dwarf-with-dsym";
				DEVELOPMENT_TEAM = "";
				ENABLE_NS_ASSERTIONS = NO;
				ENABLE_STRICT_OBJC_MSGSEND = YES;
				GCC_C_LANGUAGE_STANDARD = gnu11;
				GCC_NO_COMMON_BLOCKS = YES;
				GCC_WARN_64_TO_32_BIT_CONVERSION = YES;
				GCC_WARN_ABOUT_RETURN_TYPE = YES_ERROR;
				GCC_WARN_UNDECLARED_SELECTOR = YES;
				GCC_WARN_UNINITIALIZED_AUTOS = YES_AGGRESSIVE;
				GCC_WARN_UNUSED_FUNCTION = YES;
				GCC_WARN_UNUSED_VARIABLE = YES;
				IPHONEOS_DEPLOYMENT_TARGET = 26.3;
				MTL_ENABLE_DEBUG_INFO = NO;
				MTL_FAST_MATH = YES;
				PRODUCT_NAME = "$(TARGET_NAME)";
				SDKROOT = iphoneos;
				SWIFT_COMPILATION_MODE = wholemodule;
				SWIFT_OPTIMIZATION_LEVEL = "-O";
				SWIFT_VERSION = 5.9;
			};
			name = Release;
		};
		A427C2FE2ADE62371A3E3B11 /* Release */ = {
			isa = XCBuildConfiguration;
			baseConfigurationReference = AA47FDE4EB7A45BCE1171D1D /* Pods-HMP.release.xcconfig */;
			buildSettings = {
				ASSETCATALOG_COMPILER_APPICON_NAME = AppIcon;
				CODE_SIGN_IDENTITY = "iPhone Developer";
				CODE_SIGN_STYLE = Automatic;
				CURRENT_PROJECT_VERSION = 1;
				ENABLE_USER_SCRIPT_SANDBOXING = "$(inherited)";
				INFOPLIST_FILE = HMP/Info.plist;
				LD_RUNPATH_SEARCH_PATHS = (
					"$(inherited)",
					"@executable_path/Frameworks",
				);
				MARKETING_VERSION = 5.10.0;
				PRODUCT_BUNDLE_IDENTIFIER = com.hmp.HMP;
				SDKROOT = iphoneos;
				TARGETED_DEVICE_FAMILY = "1,2";
			};
			name = Release;
		};
		C5E4130003EF0BEC5783AD16 /* Debug */ = {
			isa = XCBuildConfiguration;
			baseConfigurationReference = A5E008619BA7E6968A61EA9F /* Pods-HMP.debug.xcconfig */;
			buildSettings = {
				ASSETCATALOG_COMPILER_APPICON_NAME = AppIcon;
				CODE_SIGN_IDENTITY = "iPhone Developer";
				CODE_SIGN_STYLE = Automatic;
				CURRENT_PROJECT_VERSION = 1;
				ENABLE_USER_SCRIPT_SANDBOXING = "$(inherited)";
				INFOPLIST_FILE = HMP/Info.plist;
				LD_RUNPATH_SEARCH_PATHS = (
					"$(inherited)",
					"@executable_path/Frameworks",
				);
				MARKETING_VERSION = 5.10.0;
				PRODUCT_BUNDLE_IDENTIFIER = com.hmp.HMP;
				SDKROOT = iphoneos;
				TARGETED_DEVICE_FAMILY = "1,2";
			};
			name = Debug;
		};
		D157B349B5FA2F9853A0C0B6 /* Debug */ = {
			isa = XCBuildConfiguration;
			buildSettings = {
				ALWAYS_SEARCH_USER_PATHS = NO;
				CLANG_ANALYZER_NONNULL = YES;
				CLANG_ANALYZER_NUMBER_OBJECT_CONVERSION = YES_AGGRESSIVE;
				CLANG_CXX_LANGUAGE_STANDARD = "gnu++14";
				CLANG_CXX_LIBRARY = "libc++";
				CLANG_ENABLE_MODULES = YES;
				CLANG_ENABLE_OBJC_ARC = YES;
				CLANG_ENABLE_OBJC_WEAK = YES;
				CLANG_WARN_BLOCK_CAPTURE_AUTORELEASING = YES;
				CLANG_WARN_BOOL_CONVERSION = YES;
				CLANG_WARN_COMMA = YES;
				CLANG_WARN_CONSTANT_CONVERSION = YES;
				CLANG_WARN_DEPRECATED_OBJC_IMPLEMENTATIONS = YES;
				CLANG_WARN_DIRECT_OBJC_ISA_USAGE = YES_ERROR;
				CLANG_WARN_DOCUMENTATION_COMMENTS = YES;
				CLANG_WARN_EMPTY_BODY = YES;
				CLANG_WARN_ENUM_CONVERSION = YES;
				CLANG_WARN_INFINITE_RECURSION = YES;
				CLANG_WARN_INT_CONVERSION = YES;
				CLANG_WARN_NON_LITERAL_NULL_CONVERSION = YES;
				CLANG_WARN_OBJC_IMPLICIT_RETAIN_SELF = YES;
				CLANG_WARN_OBJC_LITERAL_CONVERSION = YES;
				CLANG_WARN_OBJC_ROOT_CLASS = YES_ERROR;
				CLANG_WARN_QUOTED_INCLUDE_IN_FRAMEWORK_HEADER = YES;
				CLANG_WARN_RANGE_LOOP_ANALYSIS = YES;
				CLANG_WARN_STRICT_PROTOTYPES = YES;
				CLANG_WARN_SUSPICIOUS_MOVE = YES;
				CLANG_WARN_UNGUARDED_AVAILABILITY = YES_AGGRESSIVE;
				CLANG_WARN_UNREACHABLE_CODE = YES;
				CLANG_WARN__DUPLICATE_METHOD_MATCH = YES;
				COPY_PHASE_STRIP = NO;
				DEBUG_INFORMATION_FORMAT = dwarf;
				DEVELOPMENT_TEAM = "";
				ENABLE_STRICT_OBJC_MSGSEND = YES;
				ENABLE_TESTABILITY = YES;
				GCC_C_LANGUAGE_STANDARD = gnu11;
				GCC_DYNAMIC_NO_PIC = NO;
				GCC_NO_COMMON_BLOCKS = YES;
				GCC_OPTIMIZATION_LEVEL = 0;
				GCC_PREPROCESSOR_DEFINITIONS = (
					"$(inherited)",
					"DEBUG=1",
				);
				GCC_WARN_64_TO_32_BIT_CONVERSION = YES;
				GCC_WARN_ABOUT_RETURN_TYPE = YES_ERROR;
				GCC_WARN_UNDECLARED_SELECTOR = YES;
				GCC_WARN_UNINITIALIZED_AUTOS = YES_AGGRESSIVE;
				GCC_WARN_UNUSED_FUNCTION = YES;
				GCC_WARN_UNUSED_VARIABLE = YES;
				IPHONEOS_DEPLOYMENT_TARGET = 26.3;
				MTL_ENABLE_DEBUG_INFO = INCLUDE_SOURCE;
				MTL_FAST_MATH = YES;
				ONLY_ACTIVE_ARCH = YES;
				PRODUCT_NAME = "$(TARGET_NAME)";
				SDKROOT = iphoneos;
				SWIFT_ACTIVE_COMPILATION_CONDITIONS = DEBUG;
				SWIFT_OPTIMIZATION_LEVEL = "-Onone";
				SWIFT_VERSION = 5.9;
			};
			name = Debug;
		};
/* End XCBuildConfiguration section */

/* Begin XCConfigurationList section */
		7EFCE9E938F4CE5F70D524D2 /* Build configuration list for PBXProject "HMP" */ = {
			isa = XCConfigurationList;
			buildConfigurations = (
				D157B349B5FA2F9853A0C0B6 /* Debug */,
				1174DC47464408CF3E1AFDCD /* Release */,
			);
			defaultConfigurationIsVisible = 0;
			defaultConfigurationName = Debug;
		};
		DC0812BB2293095F16A73D13 /* Build configuration list for PBXNativeTarget "HMP" */ = {
			isa = XCConfigurationList;
			buildConfigurations = (
				C5E4130003EF0BEC5783AD16 /* Debug */,
				A427C2FE2ADE62371A3E3B11 /* Release */,
			);
			defaultConfigurationIsVisible = 0;
			defaultConfigurationName = Debug;
		};
/* End XCConfigurationList section */
	};
	rootObject = 26B58AE86EB27CAE44F07D51 /* Project object */;
}
